
Microsoft Visual Studio Solution File, Format Version 11.00
# Visual Studio 2010
Project("{F2A71F9B-5D33-465A-A702-920D77279786}") = "DatalogBackend", "DatalogBackend\DatalogBackend.fsproj", "{B71477E1-2F9A-45E2-931B-C864D407A00B}"
EndProject
Project("{F2A71F9B-5D33-465A-A702-920D77279786}") = "DkalParser", "DkalParser\DkalParser.fsproj", "{409186EC-EF09-40E4-ADBD-5673D174B540}"
EndProject
Project("{F2A71F9B-5D33-465A-A702-920D77279786}") = "DatalogTranslator", "DatalogTranslator\DatalogTranslator.fsproj", "{CF238C72-C6C6-4F24-956D-EE90EB718282}"
EndProject
Global
	GlobalSection(SolutionConfigurationPlatforms) = preSolution
		Debug|Any CPU = Debug|Any CPU
		Debug|Mixed Platforms = Debug|Mixed Platforms
		Debug|x86 = Debug|x86
		Release|Any CPU = Release|Any CPU
		Release|Mixed Platforms = Release|Mixed Platforms
		Release|x86 = Release|x86
	EndGlobalSection
	GlobalSection(ProjectConfigurationPlatforms) = postSolution
		{B71477E1-2F9A-45E2-931B-C864D407A00B}.Debug|Any CPU.ActiveCfg = Debug|x86
		{B71477E1-2F9A-45E2-931B-C864D407A00B}.Debug|Mixed Platforms.ActiveCfg = Debug|x86
		{B71477E1-2F9A-45E2-931B-C864D407A00B}.Debug|Mixed Platforms.Build.0 = Debug|x86
		{B71477E1-2F9A-45E2-931B-C864D407A00B}.Debug|x86.ActiveCfg = Debug|x86
		{B71477E1-2F9A-45E2-931B-C864D407A00B}.Debug|x86.Build.0 = Debug|x86
		{B71477E1-2F9A-45E2-931B-C864D407A00B}.Release|Any CPU.ActiveCfg = Release|x86
		{B71477E1-2F9A-45E2-931B-C864D407A00B}.Release|Mixed Platforms.ActiveCfg = Release|x86
		{B71477E1-2F9A-45E2-931B-C864D407A00B}.Release|Mixed Platforms.Build.0 = Release|x86
		{B71477E1-2F9A-45E2-931B-C864D407A00B}.Release|x86.ActiveCfg = Release|x86
		{B71477E1-2F9A-45E2-931B-C864D407A00B}.Release|x86.Build.0 = Release|x86
		{409186EC-EF09-40E4-ADBD-5673D174B540}.Debug|Any CPU.ActiveCfg = Debug|Any CPU
		{409186EC-EF09-40E4-ADBD-5673D174B540}.Debug|Any CPU.Build.0 = Debug|Any CPU
		{409186EC-EF09-40E4-ADBD-5673D174B540}.Debug|Mixed Platforms.ActiveCfg = Debug|Any CPU
		{409186EC-EF09-40E4-ADBD-5673D174B540}.Debug|Mixed Platforms.Build.0 = Debug|Any CPU
		{409186EC-EF09-40E4-ADBD-5673D174B540}.Debug|x86.ActiveCfg = Debug|Any CPU
		{409186EC-EF09-40E4-ADBD-5673D174B540}.Release|Any CPU.ActiveCfg = Release|Any CPU
		{409186EC-EF09-40E4-ADBD-5673D174B540}.Release|Any CPU.Build.0 = Release|Any CPU
		{409186EC-EF09-40E4-ADBD-5673D174B540}.Release|Mixed Platforms.ActiveCfg = Release|Any CPU
		{409186EC-EF09-40E4-ADBD-5673D174B540}.Release|Mixed Platforms.Build.0 = Release|Any CPU
		{409186EC-EF09-40E4-ADBD-5673D174B540}.Release|x86.ActiveCfg = Release|Any CPU
		{CF238C72-C6C6-4F24-956D-EE90EB718282}.Debug|Any CPU.ActiveCfg = Debug|Any CPU
		{CF238C72-C6C6-4F24-956D-EE90EB718282}.Debug|Any CPU.Build.0 = Debug|Any CPU
		{CF238C72-C6C6-4F24-956D-EE90EB718282}.Debug|Mixed Platforms.ActiveCfg = Debug|Any CPU
		{CF238C72-C6C6-4F24-956D-EE90EB718282}.Debug|Mixed Platforms.Build.0 = Debug|Any CPU
		{CF238C72-C6C6-4F24-956D-EE90EB718282}.Debug|x86.ActiveCfg = Debug|Any CPU
		{CF238C72-C6C6-4F24-956D-EE90EB718282}.Release|Any CPU.ActiveCfg = Release|Any CPU
		{CF238C72-C6C6-4F24-956D-EE90EB718282}.Release|Any CPU.Build.0 = Release|Any CPU
		{CF238C72-C6C6-4F24-956D-EE90EB718282}.Release|Mixed Platforms.ActiveCfg = Release|Any CPU
		{CF238C72-C6C6-4F24-956D-EE90EB718282}.Release|Mixed Platforms.Build.0 = Release|Any CPU
		{CF238C72-C6C6-4F24-956D-EE90EB718282}.Release|x86.ActiveCfg = Release|Any CPU
	EndGlobalSection
	GlobalSection(SolutionProperties) = preSolution
		HideSolutionNode = FALSE
	EndGlobalSection
EndGlobal
