
Microsoft Visual Studio Solution File, Format Version 11.00
# Visual Studio 2010
Project("{FAE04EC0-301F-11D3-BF4B-00C04F79EFBC}") = "SamplePart", "MEF\SamplePart\SamplePart.csproj", "{C9F46305-591A-4540-A3D9-216D86298A1F}"
EndProject
Project("{FAE04EC0-301F-11D3-BF4B-00C04F79EFBC}") = "DkalHostPart", "MEF\DkalHost\DkalHostPart.csproj", "{9EDBE1FC-FFA2-4E25-81C1-FEC8C5C9D24D}"
EndProject
Project("{FAE04EC0-301F-11D3-BF4B-00C04F79EFBC}") = "DkalLib", "MEF\DkalLib\DkalLib.csproj", "{DD3C7363-AED6-44DD-B132-1DA7FD1363FD}"
EndProject
Project("{FAE04EC0-301F-11D3-BF4B-00C04F79EFBC}") = "ImplParts", "MEF\ImplementationFactory\ImplParts.csproj", "{0F3A417C-6EA6-4B8C-B925-0278F9625F7D}"
EndProject
Project("{FAE04EC0-301F-11D3-BF4B-00C04F79EFBC}") = "TestConsole", "MEF\TestConsole\TestConsole.csproj", "{E6B19311-31B2-4008-AE4D-E70F997CD9D8}"
EndProject
Project("{FAE04EC0-301F-11D3-BF4B-00C04F79EFBC}") = "MessageCaller", "MEF\MessageCaller\MessageCaller.csproj", "{11BA2BC5-90C3-4A05-B434-24375CA395BF}"
EndProject
Global
	GlobalSection(SolutionConfigurationPlatforms) = preSolution
		Debug|Any CPU = Debug|Any CPU
		Debug|Mixed Platforms = Debug|Mixed Platforms
		Debug|x86 = Debug|x86
		Release|Any CPU = Release|Any CPU
		Release|Mixed Platforms = Release|Mixed Platforms
		Release|x86 = Release|x86
	EndGlobalSection
	GlobalSection(ProjectConfigurationPlatforms) = postSolution
		{C9F46305-591A-4540-A3D9-216D86298A1F}.Debug|Any CPU.ActiveCfg = Debug|Any CPU
		{C9F46305-591A-4540-A3D9-216D86298A1F}.Debug|Any CPU.Build.0 = Debug|Any CPU
		{C9F46305-591A-4540-A3D9-216D86298A1F}.Debug|Mixed Platforms.ActiveCfg = Debug|Any CPU
		{C9F46305-591A-4540-A3D9-216D86298A1F}.Debug|Mixed Platforms.Build.0 = Debug|Any CPU
		{C9F46305-591A-4540-A3D9-216D86298A1F}.Debug|x86.ActiveCfg = Debug|Any CPU
		{C9F46305-591A-4540-A3D9-216D86298A1F}.Release|Any CPU.ActiveCfg = Release|Any CPU
		{C9F46305-591A-4540-A3D9-216D86298A1F}.Release|Any CPU.Build.0 = Release|Any CPU
		{C9F46305-591A-4540-A3D9-216D86298A1F}.Release|Mixed Platforms.ActiveCfg = Release|Any CPU
		{C9F46305-591A-4540-A3D9-216D86298A1F}.Release|Mixed Platforms.Build.0 = Release|Any CPU
		{C9F46305-591A-4540-A3D9-216D86298A1F}.Release|x86.ActiveCfg = Release|Any CPU
		{9EDBE1FC-FFA2-4E25-81C1-FEC8C5C9D24D}.Debug|Any CPU.ActiveCfg = Debug|Any CPU
		{9EDBE1FC-FFA2-4E25-81C1-FEC8C5C9D24D}.Debug|Any CPU.Build.0 = Debug|Any CPU
		{9EDBE1FC-FFA2-4E25-81C1-FEC8C5C9D24D}.Debug|Mixed Platforms.ActiveCfg = Debug|Any CPU
		{9EDBE1FC-FFA2-4E25-81C1-FEC8C5C9D24D}.Debug|Mixed Platforms.Build.0 = Debug|Any CPU
		{9EDBE1FC-FFA2-4E25-81C1-FEC8C5C9D24D}.Debug|x86.ActiveCfg = Debug|Any CPU
		{9EDBE1FC-FFA2-4E25-81C1-FEC8C5C9D24D}.Release|Any CPU.ActiveCfg = Release|Any CPU
		{9EDBE1FC-FFA2-4E25-81C1-FEC8C5C9D24D}.Release|Any CPU.Build.0 = Release|Any CPU
		{9EDBE1FC-FFA2-4E25-81C1-FEC8C5C9D24D}.Release|Mixed Platforms.ActiveCfg = Release|Any CPU
		{9EDBE1FC-FFA2-4E25-81C1-FEC8C5C9D24D}.Release|Mixed Platforms.Build.0 = Release|Any CPU
		{9EDBE1FC-FFA2-4E25-81C1-FEC8C5C9D24D}.Release|x86.ActiveCfg = Release|Any CPU
		{DD3C7363-AED6-44DD-B132-1DA7FD1363FD}.Debug|Any CPU.ActiveCfg = Debug|Any CPU
		{DD3C7363-AED6-44DD-B132-1DA7FD1363FD}.Debug|Any CPU.Build.0 = Debug|Any CPU
		{DD3C7363-AED6-44DD-B132-1DA7FD1363FD}.Debug|Mixed Platforms.ActiveCfg = Debug|Any CPU
		{DD3C7363-AED6-44DD-B132-1DA7FD1363FD}.Debug|Mixed Platforms.Build.0 = Debug|Any CPU
		{DD3C7363-AED6-44DD-B132-1DA7FD1363FD}.Debug|x86.ActiveCfg = Debug|Any CPU
		{DD3C7363-AED6-44DD-B132-1DA7FD1363FD}.Release|Any CPU.ActiveCfg = Release|Any CPU
		{DD3C7363-AED6-44DD-B132-1DA7FD1363FD}.Release|Any CPU.Build.0 = Release|Any CPU
		{DD3C7363-AED6-44DD-B132-1DA7FD1363FD}.Release|Mixed Platforms.ActiveCfg = Release|Any CPU
		{DD3C7363-AED6-44DD-B132-1DA7FD1363FD}.Release|Mixed Platforms.Build.0 = Release|Any CPU
		{DD3C7363-AED6-44DD-B132-1DA7FD1363FD}.Release|x86.ActiveCfg = Release|Any CPU
		{0F3A417C-6EA6-4B8C-B925-0278F9625F7D}.Debug|Any CPU.ActiveCfg = Debug|Any CPU
		{0F3A417C-6EA6-4B8C-B925-0278F9625F7D}.Debug|Any CPU.Build.0 = Debug|Any CPU
		{0F3A417C-6EA6-4B8C-B925-0278F9625F7D}.Debug|Mixed Platforms.ActiveCfg = Debug|Any CPU
		{0F3A417C-6EA6-4B8C-B925-0278F9625F7D}.Debug|Mixed Platforms.Build.0 = Debug|Any CPU
		{0F3A417C-6EA6-4B8C-B925-0278F9625F7D}.Debug|x86.ActiveCfg = Debug|Any CPU
		{0F3A417C-6EA6-4B8C-B925-0278F9625F7D}.Release|Any CPU.ActiveCfg = Release|Any CPU
		{0F3A417C-6EA6-4B8C-B925-0278F9625F7D}.Release|Any CPU.Build.0 = Release|Any CPU
		{0F3A417C-6EA6-4B8C-B925-0278F9625F7D}.Release|Mixed Platforms.ActiveCfg = Release|Any CPU
		{0F3A417C-6EA6-4B8C-B925-0278F9625F7D}.Release|Mixed Platforms.Build.0 = Release|Any CPU
		{0F3A417C-6EA6-4B8C-B925-0278F9625F7D}.Release|x86.ActiveCfg = Release|Any CPU
		{E6B19311-31B2-4008-AE4D-E70F997CD9D8}.Debug|Any CPU.ActiveCfg = Debug|x86
		{E6B19311-31B2-4008-AE4D-E70F997CD9D8}.Debug|Mixed Platforms.ActiveCfg = Debug|x86
		{E6B19311-31B2-4008-AE4D-E70F997CD9D8}.Debug|Mixed Platforms.Build.0 = Debug|x86
		{E6B19311-31B2-4008-AE4D-E70F997CD9D8}.Debug|x86.ActiveCfg = Debug|x86
		{E6B19311-31B2-4008-AE4D-E70F997CD9D8}.Debug|x86.Build.0 = Debug|x86
		{E6B19311-31B2-4008-AE4D-E70F997CD9D8}.Release|Any CPU.ActiveCfg = Release|x86
		{E6B19311-31B2-4008-AE4D-E70F997CD9D8}.Release|Mixed Platforms.ActiveCfg = Release|x86
		{E6B19311-31B2-4008-AE4D-E70F997CD9D8}.Release|Mixed Platforms.Build.0 = Release|x86
		{E6B19311-31B2-4008-AE4D-E70F997CD9D8}.Release|x86.ActiveCfg = Release|x86
		{E6B19311-31B2-4008-AE4D-E70F997CD9D8}.Release|x86.Build.0 = Release|x86
		{11BA2BC5-90C3-4A05-B434-24375CA395BF}.Debug|Any CPU.ActiveCfg = Debug|Any CPU
		{11BA2BC5-90C3-4A05-B434-24375CA395BF}.Debug|Any CPU.Build.0 = Debug|Any CPU
		{11BA2BC5-90C3-4A05-B434-24375CA395BF}.Debug|Mixed Platforms.ActiveCfg = Debug|Any CPU
		{11BA2BC5-90C3-4A05-B434-24375CA395BF}.Debug|Mixed Platforms.Build.0 = Debug|Any CPU
		{11BA2BC5-90C3-4A05-B434-24375CA395BF}.Debug|x86.ActiveCfg = Debug|Any CPU
		{11BA2BC5-90C3-4A05-B434-24375CA395BF}.Release|Any CPU.ActiveCfg = Release|Any CPU
		{11BA2BC5-90C3-4A05-B434-24375CA395BF}.Release|Any CPU.Build.0 = Release|Any CPU
		{11BA2BC5-90C3-4A05-B434-24375CA395BF}.Release|Mixed Platforms.ActiveCfg = Release|Any CPU
		{11BA2BC5-90C3-4A05-B434-24375CA395BF}.Release|Mixed Platforms.Build.0 = Release|Any CPU
		{11BA2BC5-90C3-4A05-B434-24375CA395BF}.Release|x86.ActiveCfg = Release|Any CPU
	EndGlobalSection
	GlobalSection(SolutionProperties) = preSolution
		HideSolutionNode = FALSE
	EndGlobalSection
EndGlobal
