
Microsoft Visual Studio Solution File, Format Version 11.00
# Visual Studio 2010
Project("{2150E333-8FDC-42A3-9474-1A3956D46DE8}") = "Solution Items", "Solution Items", "{1BF38DEC-6F9E-46D7-BC7E-DEC0A0E0CE74}"
EndProject
Project("{F2A71F9B-5D33-465A-A702-920D77279786}") = "DkalEngine", "DkalEngine.fsproj", "{4C30286D-019D-4E25-AAFD-B9D521DB3DA1}"
EndProject
Project("{FAE04EC0-301F-11D3-BF4B-00C04F79EFBC}") = "DkalController", "DkalController\DkalController.csproj", "{51CF7567-FA7E-4D4A-B252-9379F51E96D8}"
EndProject
Global
	GlobalSection(SolutionConfigurationPlatforms) = preSolution
		Debug|Any CPU = Debug|Any CPU
		Release|Any CPU = Release|Any CPU
	EndGlobalSection
	GlobalSection(ProjectConfigurationPlatforms) = postSolution
		{4C30286D-019D-4E25-AAFD-B9D521DB3DA1}.Debug|Any CPU.ActiveCfg = Debug|Any CPU
		{4C30286D-019D-4E25-AAFD-B9D521DB3DA1}.Debug|Any CPU.Build.0 = Debug|Any CPU
		{4C30286D-019D-4E25-AAFD-B9D521DB3DA1}.Release|Any CPU.ActiveCfg = Release|Any CPU
		{4C30286D-019D-4E25-AAFD-B9D521DB3DA1}.Release|Any CPU.Build.0 = Release|Any CPU
		{51CF7567-FA7E-4D4A-B252-9379F51E96D8}.Debug|Any CPU.ActiveCfg = Debug|Any CPU
		{51CF7567-FA7E-4D4A-B252-9379F51E96D8}.Debug|Any CPU.Build.0 = Debug|Any CPU
		{51CF7567-FA7E-4D4A-B252-9379F51E96D8}.Release|Any CPU.ActiveCfg = Release|Any CPU
		{51CF7567-FA7E-4D4A-B252-9379F51E96D8}.Release|Any CPU.Build.0 = Release|Any CPU
	EndGlobalSection
	GlobalSection(SolutionProperties) = preSolution
		HideSolutionNode = FALSE
	EndGlobalSection
EndGlobal
