
Microsoft Visual Studio Solution File, Format Version 11.00
# Visual Studio 2010
Project("{F2A71F9B-5D33-465A-A702-920D77279786}") = "Ast", "Ast\Ast.fsproj", "{3B621DD5-CEFD-4B21-865B-B1A3E3A318DD}"
EndProject
Project("{F2A71F9B-5D33-465A-A702-920D77279786}") = "Ast.Infon.Syntax.Simple", "Ast.Infon.Syntax.Simple\Ast.Infon.Syntax.Simple.fsproj", "{7CB6DDAD-0BBB-4826-A260-6F968B9DCCF7}"
EndProject
Project("{F2A71F9B-5D33-465A-A702-920D77279786}") = "Utils", "Utils\Utils.fsproj", "{556267F3-7084-42F5-AFE8-7F29F482E5B1}"
EndProject
Project("{F2A71F9B-5D33-465A-A702-920D77279786}") = "Interfaces", "Interfaces\Interfaces.fsproj", "{FDDB2EFE-2E4B-4007-909B-DFCE3552FC68}"
EndProject
Project("{F2A71F9B-5D33-465A-A702-920D77279786}") = "Main", "Main\Main.fsproj", "{E33580FB-E651-4B24-851D-689F6875284E}"
EndProject
Project("{F2A71F9B-5D33-465A-A702-920D77279786}") = "Router.Simple", "Router.Simple\Router.Simple.fsproj", "{62C15AD9-06F2-4C97-A319-1AC3A5059B0E}"
EndProject
Project("{F2A71F9B-5D33-465A-A702-920D77279786}") = "Executor.Simple", "Executor.Simple\Executor.Simple.fsproj", "{D417438A-74AA-4A41-8023-189916E3D2BD}"
EndProject
Project("{2150E333-8FDC-42A3-9474-1A3956D46DE8}") = "LogicEngine", "LogicEngine", "{33144780-03E7-4BA5-93D4-73C2A246B9DD}"
EndProject
Project("{2150E333-8FDC-42A3-9474-1A3956D46DE8}") = "Ast", "Ast", "{BDBE4A9D-C4F9-43F5-A193-3959AEFA8464}"
EndProject
Project("{2150E333-8FDC-42A3-9474-1A3956D46DE8}") = "Executor", "Executor", "{9ECFE798-F460-49F9-9EF7-493CF67E00D3}"
EndProject
Project("{2150E333-8FDC-42A3-9474-1A3956D46DE8}") = "Router", "Router", "{A7A08B3A-47D0-47EE-B2CE-6569D331C1E2}"
EndProject
Project("{2150E333-8FDC-42A3-9474-1A3956D46DE8}") = "Misc", "Misc", "{5BADA77E-A970-48BB-8F6C-B93C3B4ACE5B}"
EndProject
Project("{F2A71F9B-5D33-465A-A702-920D77279786}") = "Substrate.Sql", "Substrate.Sql\Substrate.Sql.fsproj", "{65B27D4B-16FB-441A-8FD7-2B01ABE789EF}"
EndProject
Project("{F2A71F9B-5D33-465A-A702-920D77279786}") = "Substrate", "Substrate\Substrate.fsproj", "{49E0E6C4-6C69-4C95-A1D5-AA3F5C8A8554}"
EndProject
Project("{F2A71F9B-5D33-465A-A702-920D77279786}") = "Ast.Tree", "Ast.Tree\Ast.Tree.fsproj", "{5B90F678-20F2-453F-B9A6-3344F1EDEF85}"
EndProject
Project("{F2A71F9B-5D33-465A-A702-920D77279786}") = "Ast.Infon", "Ast.Infon\Ast.Infon.fsproj", "{98ADD1C5-2CA3-4B44-AC4D-5D25A90BDE37}"
EndProject
Project("{2150E333-8FDC-42A3-9474-1A3956D46DE8}") = "Substrate", "Substrate", "{DE5349E7-2661-47A4-86E5-6822C0779242}"
EndProject
Project("{F2A71F9B-5D33-465A-A702-920D77279786}") = "Ast.Substrate.Sql.Syntax.Simple", "Ast.Substrate.Sql.Syntax.Simple\Ast.Substrate.Sql.Syntax.Simple.fsproj", "{9C31B572-9DBC-49FD-86EC-33A448825420}"
EndProject
Project("{F2A71F9B-5D33-465A-A702-920D77279786}") = "Substrate.Factories", "Substrate.Factories\Substrate.Factories.fsproj", "{82B5DC81-F8EA-4D29-B717-77B4A623D6F4}"
EndProject
Project("{F2A71F9B-5D33-465A-A702-920D77279786}") = "Globals", "Globals\Globals.fsproj", "{74223397-052C-4F45-B703-DDF5BCED536B}"
EndProject
Project("{F2A71F9B-5D33-465A-A702-920D77279786}") = "Factories.Initializer", "Factories.Initializer\Factories.Initializer.fsproj", "{A7809ED2-AC1D-46CC-B594-B1422CFE0DA7}"
EndProject
Project("{F2A71F9B-5D33-465A-A702-920D77279786}") = "LogicEngine.Simple", "LogicEngine.Simple\LogicEngine.Simple.fsproj", "{1EA3B178-B4DE-4AC9-9F1C-02FA83F565E4}"
EndProject
Project("{F2A71F9B-5D33-465A-A702-920D77279786}") = "Ast.Substrate.Sql.Syntax.Typed", "Ast.Substrate.Sql.Syntax.Typed\Ast.Substrate.Sql.Syntax.Typed.fsproj", "{40A3407D-5AE5-4C09-A6F4-B1ED260215AF}"
EndProject
Project("{F2A71F9B-5D33-465A-A702-920D77279786}") = "Ast.Infon.Syntax.Typed", "Ast.Infon.Syntax.Typed\Ast.Infon.Syntax.Typed.fsproj", "{D10A6E81-4DF6-4F74-8140-7D5D0293F005}"
EndProject
Project("{2150E333-8FDC-42A3-9474-1A3956D46DE8}") = "Syntax", "Syntax", "{CDF49F3D-0FD0-4F73-9FAC-D4CF6050C31F}"
EndProject
Project("{2150E333-8FDC-42A3-9474-1A3956D46DE8}") = "Sql", "Sql", "{31B746EA-6FC8-4606-8887-ADE86F9E8C8D}"
EndProject
Project("{2150E333-8FDC-42A3-9474-1A3956D46DE8}") = "Infon", "Infon", "{7ACA9380-5DE9-41DB-B9F7-8C57E100FD79}"
EndProject
Project("{2150E333-8FDC-42A3-9474-1A3956D46DE8}") = "Factories", "Factories", "{075A4DEF-4DC6-4A81-B04F-20AA48D9A936}"
EndProject
Project("{F2A71F9B-5D33-465A-A702-920D77279786}") = "Ast.Syntax.Parsing", "Ast.Syntax.Parsing\Ast.Syntax.Parsing.fsproj", "{E8840D2A-AA70-46C8-A5F6-319503F7A8B1}"
EndProject
Project("{F2A71F9B-5D33-465A-A702-920D77279786}") = "Substrate.Xml", "Substrate.Xml\Substrate.Xml.fsproj", "{66DB220D-6608-45F4-874A-860F1ACAEAB9}"
EndProject
Project("{2150E333-8FDC-42A3-9474-1A3956D46DE8}") = "Xml", "Xml", "{95C85929-0A29-4268-BCB7-7C424AF8F05F}"
EndProject
Project("{F2A71F9B-5D33-465A-A702-920D77279786}") = "Substrate.FSharp", "Substrate.FSharp\Substrate.FSharp.fsproj", "{82BA007C-B7FC-41D1-B7A8-19BFA5BB7F68}"
EndProject
Project("{F2A71F9B-5D33-465A-A702-920D77279786}") = "Substrate.Crypto", "Substrate.Crypto\Substrate.Crypto.fsproj", "{D0F09E66-4145-4EFA-B2BC-758E59B1940A}"
EndProject
Project("{F2A71F9B-5D33-465A-A702-920D77279786}") = "Ast.Substrate.Xml.Syntax.Simple", "Ast.Substrate.Xml.Syntax.Simple\Ast.Substrate.Xml.Syntax.Simple.fsproj", "{338D7A88-4612-41E9-9107-BAD8984A5CB5}"
EndProject
Project("{F2A71F9B-5D33-465A-A702-920D77279786}") = "Ast.Substrate.Xml.Syntax.Typed", "Ast.Substrate.Xml.Syntax.Typed\Ast.Substrate.Xml.Syntax.Typed.fsproj", "{496E343B-FEA0-4F1D-99F7-0CDC4850D99F}"
EndProject
Project("{2150E333-8FDC-42A3-9474-1A3956D46DE8}") = "Basic", "Basic", "{0544D8EE-188A-46B3-A4E7-3B7E3ABFEDC5}"
EndProject
Project("{F2A71F9B-5D33-465A-A702-920D77279786}") = "Substrate.Basic", "Substrate.Basic\Substrate.Basic.fsproj", "{C18B8A2E-1A64-488C-A927-6ED5F5C7BEEA}"
EndProject
Project("{F2A71F9B-5D33-465A-A702-920D77279786}") = "Ast.Substrate.Basic.Syntax.Simple", "Ast.Substrate.Basic.Syntax.Simple\Ast.Substrate.Basic.Syntax.Simple.fsproj", "{A1197887-6F21-4D62-8983-9A47C2088053}"
EndProject
Project("{F2A71F9B-5D33-465A-A702-920D77279786}") = "Ast.Substrate.Basic.Syntax.Typed", "Ast.Substrate.Basic.Syntax.Typed\Ast.Substrate.Basic.Syntax.Typed.fsproj", "{EE794861-066F-4A91-92B8-08E3CE8A6B9F}"
EndProject
Project("{F2A71F9B-5D33-465A-A702-920D77279786}") = "Router.Local", "Router.Local\Router.Local.fsproj", "{4CA780A8-FAFC-4CD6-B616-7D4DF8E5CED9}"
EndProject
Project("{F2A71F9B-5D33-465A-A702-920D77279786}") = "Router", "Router\Router.fsproj", "{605DCFAA-5DCF-4026-8628-4EF79D9A332A}"
EndProject
Project("{F2A71F9B-5D33-465A-A702-920D77279786}") = "Router.Factories", "Router.Factories\Router.Factories.fsproj", "{11D0FCB0-D7C2-47A8-B25D-9703A48D6D8B}"
EndProject
Project("{F2A71F9B-5D33-465A-A702-920D77279786}") = "MultiMain", "MultiMain\MultiMain.fsproj", "{F3A60F45-AED0-4C4D-A346-C5FA55F80A30}"
EndProject
Project("{2150E333-8FDC-42A3-9474-1A3956D46DE8}") = "SignatureProvider", "SignatureProvider", "{2C25CC3E-F7BA-4263-AE08-817DE056A903}"
EndProject
Project("{2150E333-8FDC-42A3-9474-1A3956D46DE8}") = "Infostrate", "Infostrate", "{79B5D986-D51B-4251-A480-1B1601FC2D58}"
EndProject
Project("{F2A71F9B-5D33-465A-A702-920D77279786}") = "Infostrate.Simple", "Infostrate.Simple\Infostrate.Simple.fsproj", "{6C2DE9FD-B01C-4665-A5CC-4E75AC1CE2FC}"
EndProject
Project("{F2A71F9B-5D33-465A-A702-920D77279786}") = "Executor.Factories", "Executor.Factories\Executor.Factories.fsproj", "{1FE1B1DA-1E1D-4C5E-88FA-37F023C28885}"
EndProject
Project("{F2A71F9B-5D33-465A-A702-920D77279786}") = "LogicEngine.Factories", "LogicEngine.Factories\LogicEngine.Factories.fsproj", "{ED07A55B-2B70-4232-8728-2F2B9E2B7D1B}"
EndProject
Project("{F2A71F9B-5D33-465A-A702-920D77279786}") = "Ast.Infon.Syntax.Factories", "Ast.Infon.Syntax.Factories\Ast.Infon.Syntax.Factories.fsproj", "{FE86E32D-AC35-4F55-BCDE-1FC4BBB22AB3}"
EndProject
Project("{F2A71F9B-5D33-465A-A702-920D77279786}") = "Infostrate.Factories", "Infostrate.Factories\Infostrate.Factories.fsproj", "{16750EB8-94DF-444D-A506-5B59EE41B620}"
EndProject
Project("{F2A71F9B-5D33-465A-A702-920D77279786}") = "SignatureProvider.Simple", "SignatureProvider.Simple\SignatureProvider.Simple.fsproj", "{ACCAFB07-795A-4A8A-AC12-7A5393AA0349}"
EndProject
Project("{F2A71F9B-5D33-465A-A702-920D77279786}") = "SignatureProvider.Factories", "SignatureProvider.Factories\SignatureProvider.Factories.fsproj", "{C67BE4A1-ED07-41CA-A9FA-AFACD20490E2}"
EndProject
Project("{2150E333-8FDC-42A3-9474-1A3956D46DE8}") = "FrontEnds", "FrontEnds", "{07411173-4D26-447E-9180-CB2D054B946B}"
EndProject
Project("{FAE04EC0-301F-11D3-BF4B-00C04F79EFBC}") = "GuiMain", "GuiMain\GuiMain.csproj", "{51CF7567-FA7E-4D4A-B252-9379F51E96D8}"
EndProject
Global
	GlobalSection(SolutionConfigurationPlatforms) = preSolution
		Debug|Any CPU = Debug|Any CPU
		Debug|Mixed Platforms = Debug|Mixed Platforms
		Debug|x86 = Debug|x86
		Release|Any CPU = Release|Any CPU
		Release|Mixed Platforms = Release|Mixed Platforms
		Release|x86 = Release|x86
	EndGlobalSection
	GlobalSection(ProjectConfigurationPlatforms) = postSolution
		{3B621DD5-CEFD-4B21-865B-B1A3E3A318DD}.Debug|Any CPU.ActiveCfg = Debug|Any CPU
		{3B621DD5-CEFD-4B21-865B-B1A3E3A318DD}.Debug|Any CPU.Build.0 = Debug|Any CPU
		{3B621DD5-CEFD-4B21-865B-B1A3E3A318DD}.Debug|Mixed Platforms.ActiveCfg = Debug|x86
		{3B621DD5-CEFD-4B21-865B-B1A3E3A318DD}.Debug|Mixed Platforms.Build.0 = Debug|x86
		{3B621DD5-CEFD-4B21-865B-B1A3E3A318DD}.Debug|x86.ActiveCfg = Debug|x86
		{3B621DD5-CEFD-4B21-865B-B1A3E3A318DD}.Debug|x86.Build.0 = Debug|x86
		{3B621DD5-CEFD-4B21-865B-B1A3E3A318DD}.Release|Any CPU.ActiveCfg = Release|Any CPU
		{3B621DD5-CEFD-4B21-865B-B1A3E3A318DD}.Release|Any CPU.Build.0 = Release|Any CPU
		{3B621DD5-CEFD-4B21-865B-B1A3E3A318DD}.Release|Mixed Platforms.ActiveCfg = Release|x86
		{3B621DD5-CEFD-4B21-865B-B1A3E3A318DD}.Release|Mixed Platforms.Build.0 = Release|x86
		{3B621DD5-CEFD-4B21-865B-B1A3E3A318DD}.Release|x86.ActiveCfg = Release|x86
		{3B621DD5-CEFD-4B21-865B-B1A3E3A318DD}.Release|x86.Build.0 = Release|x86
		{7CB6DDAD-0BBB-4826-A260-6F968B9DCCF7}.Debug|Any CPU.ActiveCfg = Debug|Any CPU
		{7CB6DDAD-0BBB-4826-A260-6F968B9DCCF7}.Debug|Any CPU.Build.0 = Debug|Any CPU
		{7CB6DDAD-0BBB-4826-A260-6F968B9DCCF7}.Debug|Mixed Platforms.ActiveCfg = Debug|x86
		{7CB6DDAD-0BBB-4826-A260-6F968B9DCCF7}.Debug|Mixed Platforms.Build.0 = Debug|x86
		{7CB6DDAD-0BBB-4826-A260-6F968B9DCCF7}.Debug|x86.ActiveCfg = Debug|x86
		{7CB6DDAD-0BBB-4826-A260-6F968B9DCCF7}.Debug|x86.Build.0 = Debug|x86
		{7CB6DDAD-0BBB-4826-A260-6F968B9DCCF7}.Release|Any CPU.ActiveCfg = Release|Any CPU
		{7CB6DDAD-0BBB-4826-A260-6F968B9DCCF7}.Release|Any CPU.Build.0 = Release|Any CPU
		{7CB6DDAD-0BBB-4826-A260-6F968B9DCCF7}.Release|Mixed Platforms.ActiveCfg = Release|x86
		{7CB6DDAD-0BBB-4826-A260-6F968B9DCCF7}.Release|Mixed Platforms.Build.0 = Release|x86
		{7CB6DDAD-0BBB-4826-A260-6F968B9DCCF7}.Release|x86.ActiveCfg = Release|x86
		{7CB6DDAD-0BBB-4826-A260-6F968B9DCCF7}.Release|x86.Build.0 = Release|x86
		{556267F3-7084-42F5-AFE8-7F29F482E5B1}.Debug|Any CPU.ActiveCfg = Debug|Any CPU
		{556267F3-7084-42F5-AFE8-7F29F482E5B1}.Debug|Any CPU.Build.0 = Debug|Any CPU
		{556267F3-7084-42F5-AFE8-7F29F482E5B1}.Debug|Mixed Platforms.ActiveCfg = Debug|x86
		{556267F3-7084-42F5-AFE8-7F29F482E5B1}.Debug|Mixed Platforms.Build.0 = Debug|x86
		{556267F3-7084-42F5-AFE8-7F29F482E5B1}.Debug|x86.ActiveCfg = Debug|x86
		{556267F3-7084-42F5-AFE8-7F29F482E5B1}.Debug|x86.Build.0 = Debug|x86
		{556267F3-7084-42F5-AFE8-7F29F482E5B1}.Release|Any CPU.ActiveCfg = Release|Any CPU
		{556267F3-7084-42F5-AFE8-7F29F482E5B1}.Release|Any CPU.Build.0 = Release|Any CPU
		{556267F3-7084-42F5-AFE8-7F29F482E5B1}.Release|Mixed Platforms.ActiveCfg = Release|x86
		{556267F3-7084-42F5-AFE8-7F29F482E5B1}.Release|Mixed Platforms.Build.0 = Release|x86
		{556267F3-7084-42F5-AFE8-7F29F482E5B1}.Release|x86.ActiveCfg = Release|x86
		{556267F3-7084-42F5-AFE8-7F29F482E5B1}.Release|x86.Build.0 = Release|x86
		{FDDB2EFE-2E4B-4007-909B-DFCE3552FC68}.Debug|Any CPU.ActiveCfg = Debug|Any CPU
		{FDDB2EFE-2E4B-4007-909B-DFCE3552FC68}.Debug|Any CPU.Build.0 = Debug|Any CPU
		{FDDB2EFE-2E4B-4007-909B-DFCE3552FC68}.Debug|Mixed Platforms.ActiveCfg = Debug|x86
		{FDDB2EFE-2E4B-4007-909B-DFCE3552FC68}.Debug|Mixed Platforms.Build.0 = Debug|x86
		{FDDB2EFE-2E4B-4007-909B-DFCE3552FC68}.Debug|x86.ActiveCfg = Debug|x86
		{FDDB2EFE-2E4B-4007-909B-DFCE3552FC68}.Debug|x86.Build.0 = Debug|x86
		{FDDB2EFE-2E4B-4007-909B-DFCE3552FC68}.Release|Any CPU.ActiveCfg = Release|Any CPU
		{FDDB2EFE-2E4B-4007-909B-DFCE3552FC68}.Release|Any CPU.Build.0 = Release|Any CPU
		{FDDB2EFE-2E4B-4007-909B-DFCE3552FC68}.Release|Mixed Platforms.ActiveCfg = Release|x86
		{FDDB2EFE-2E4B-4007-909B-DFCE3552FC68}.Release|Mixed Platforms.Build.0 = Release|x86
		{FDDB2EFE-2E4B-4007-909B-DFCE3552FC68}.Release|x86.ActiveCfg = Release|x86
		{FDDB2EFE-2E4B-4007-909B-DFCE3552FC68}.Release|x86.Build.0 = Release|x86
		{E33580FB-E651-4B24-851D-689F6875284E}.Debug|Any CPU.ActiveCfg = Debug|Any CPU
		{E33580FB-E651-4B24-851D-689F6875284E}.Debug|Any CPU.Build.0 = Debug|Any CPU
		{E33580FB-E651-4B24-851D-689F6875284E}.Debug|Mixed Platforms.ActiveCfg = Debug|x86
		{E33580FB-E651-4B24-851D-689F6875284E}.Debug|Mixed Platforms.Build.0 = Debug|x86
		{E33580FB-E651-4B24-851D-689F6875284E}.Debug|x86.ActiveCfg = Debug|x86
		{E33580FB-E651-4B24-851D-689F6875284E}.Debug|x86.Build.0 = Debug|x86
		{E33580FB-E651-4B24-851D-689F6875284E}.Release|Any CPU.ActiveCfg = Release|Any CPU
		{E33580FB-E651-4B24-851D-689F6875284E}.Release|Any CPU.Build.0 = Release|Any CPU
		{E33580FB-E651-4B24-851D-689F6875284E}.Release|Mixed Platforms.ActiveCfg = Release|x86
		{E33580FB-E651-4B24-851D-689F6875284E}.Release|Mixed Platforms.Build.0 = Release|x86
		{E33580FB-E651-4B24-851D-689F6875284E}.Release|x86.ActiveCfg = Release|x86
		{E33580FB-E651-4B24-851D-689F6875284E}.Release|x86.Build.0 = Release|x86
		{62C15AD9-06F2-4C97-A319-1AC3A5059B0E}.Debug|Any CPU.ActiveCfg = Debug|Any CPU
		{62C15AD9-06F2-4C97-A319-1AC3A5059B0E}.Debug|Any CPU.Build.0 = Debug|Any CPU
		{62C15AD9-06F2-4C97-A319-1AC3A5059B0E}.Debug|Mixed Platforms.ActiveCfg = Debug|x86
		{62C15AD9-06F2-4C97-A319-1AC3A5059B0E}.Debug|Mixed Platforms.Build.0 = Debug|x86
		{62C15AD9-06F2-4C97-A319-1AC3A5059B0E}.Debug|x86.ActiveCfg = Debug|x86
		{62C15AD9-06F2-4C97-A319-1AC3A5059B0E}.Debug|x86.Build.0 = Debug|x86
		{62C15AD9-06F2-4C97-A319-1AC3A5059B0E}.Release|Any CPU.ActiveCfg = Release|Any CPU
		{62C15AD9-06F2-4C97-A319-1AC3A5059B0E}.Release|Any CPU.Build.0 = Release|Any CPU
		{62C15AD9-06F2-4C97-A319-1AC3A5059B0E}.Release|Mixed Platforms.ActiveCfg = Release|x86
		{62C15AD9-06F2-4C97-A319-1AC3A5059B0E}.Release|Mixed Platforms.Build.0 = Release|x86
		{62C15AD9-06F2-4C97-A319-1AC3A5059B0E}.Release|x86.ActiveCfg = Release|x86
		{62C15AD9-06F2-4C97-A319-1AC3A5059B0E}.Release|x86.Build.0 = Release|x86
		{D417438A-74AA-4A41-8023-189916E3D2BD}.Debug|Any CPU.ActiveCfg = Debug|Any CPU
		{D417438A-74AA-4A41-8023-189916E3D2BD}.Debug|Any CPU.Build.0 = Debug|Any CPU
		{D417438A-74AA-4A41-8023-189916E3D2BD}.Debug|Mixed Platforms.ActiveCfg = Debug|x86
		{D417438A-74AA-4A41-8023-189916E3D2BD}.Debug|Mixed Platforms.Build.0 = Debug|x86
		{D417438A-74AA-4A41-8023-189916E3D2BD}.Debug|x86.ActiveCfg = Debug|x86
		{D417438A-74AA-4A41-8023-189916E3D2BD}.Debug|x86.Build.0 = Debug|x86
		{D417438A-74AA-4A41-8023-189916E3D2BD}.Release|Any CPU.ActiveCfg = Release|Any CPU
		{D417438A-74AA-4A41-8023-189916E3D2BD}.Release|Any CPU.Build.0 = Release|Any CPU
		{D417438A-74AA-4A41-8023-189916E3D2BD}.Release|Mixed Platforms.ActiveCfg = Release|x86
		{D417438A-74AA-4A41-8023-189916E3D2BD}.Release|Mixed Platforms.Build.0 = Release|x86
		{D417438A-74AA-4A41-8023-189916E3D2BD}.Release|x86.ActiveCfg = Release|x86
		{D417438A-74AA-4A41-8023-189916E3D2BD}.Release|x86.Build.0 = Release|x86
		{65B27D4B-16FB-441A-8FD7-2B01ABE789EF}.Debug|Any CPU.ActiveCfg = Debug|Any CPU
		{65B27D4B-16FB-441A-8FD7-2B01ABE789EF}.Debug|Any CPU.Build.0 = Debug|Any CPU
		{65B27D4B-16FB-441A-8FD7-2B01ABE789EF}.Debug|Mixed Platforms.ActiveCfg = Debug|x86
		{65B27D4B-16FB-441A-8FD7-2B01ABE789EF}.Debug|Mixed Platforms.Build.0 = Debug|x86
		{65B27D4B-16FB-441A-8FD7-2B01ABE789EF}.Debug|x86.ActiveCfg = Debug|x86
		{65B27D4B-16FB-441A-8FD7-2B01ABE789EF}.Debug|x86.Build.0 = Debug|x86
		{65B27D4B-16FB-441A-8FD7-2B01ABE789EF}.Release|Any CPU.ActiveCfg = Release|Any CPU
		{65B27D4B-16FB-441A-8FD7-2B01ABE789EF}.Release|Any CPU.Build.0 = Release|Any CPU
		{65B27D4B-16FB-441A-8FD7-2B01ABE789EF}.Release|Mixed Platforms.ActiveCfg = Release|x86
		{65B27D4B-16FB-441A-8FD7-2B01ABE789EF}.Release|Mixed Platforms.Build.0 = Release|x86
		{65B27D4B-16FB-441A-8FD7-2B01ABE789EF}.Release|x86.ActiveCfg = Release|x86
		{65B27D4B-16FB-441A-8FD7-2B01ABE789EF}.Release|x86.Build.0 = Release|x86
		{49E0E6C4-6C69-4C95-A1D5-AA3F5C8A8554}.Debug|Any CPU.ActiveCfg = Debug|Any CPU
		{49E0E6C4-6C69-4C95-A1D5-AA3F5C8A8554}.Debug|Any CPU.Build.0 = Debug|Any CPU
		{49E0E6C4-6C69-4C95-A1D5-AA3F5C8A8554}.Debug|Mixed Platforms.ActiveCfg = Debug|x86
		{49E0E6C4-6C69-4C95-A1D5-AA3F5C8A8554}.Debug|Mixed Platforms.Build.0 = Debug|x86
		{49E0E6C4-6C69-4C95-A1D5-AA3F5C8A8554}.Debug|x86.ActiveCfg = Debug|x86
		{49E0E6C4-6C69-4C95-A1D5-AA3F5C8A8554}.Debug|x86.Build.0 = Debug|x86
		{49E0E6C4-6C69-4C95-A1D5-AA3F5C8A8554}.Release|Any CPU.ActiveCfg = Release|Any CPU
		{49E0E6C4-6C69-4C95-A1D5-AA3F5C8A8554}.Release|Any CPU.Build.0 = Release|Any CPU
		{49E0E6C4-6C69-4C95-A1D5-AA3F5C8A8554}.Release|Mixed Platforms.ActiveCfg = Release|x86
		{49E0E6C4-6C69-4C95-A1D5-AA3F5C8A8554}.Release|Mixed Platforms.Build.0 = Release|x86
		{49E0E6C4-6C69-4C95-A1D5-AA3F5C8A8554}.Release|x86.ActiveCfg = Release|x86
		{49E0E6C4-6C69-4C95-A1D5-AA3F5C8A8554}.Release|x86.Build.0 = Release|x86
		{5B90F678-20F2-453F-B9A6-3344F1EDEF85}.Debug|Any CPU.ActiveCfg = Debug|Any CPU
		{5B90F678-20F2-453F-B9A6-3344F1EDEF85}.Debug|Any CPU.Build.0 = Debug|Any CPU
		{5B90F678-20F2-453F-B9A6-3344F1EDEF85}.Debug|Mixed Platforms.ActiveCfg = Debug|x86
		{5B90F678-20F2-453F-B9A6-3344F1EDEF85}.Debug|Mixed Platforms.Build.0 = Debug|x86
		{5B90F678-20F2-453F-B9A6-3344F1EDEF85}.Debug|x86.ActiveCfg = Debug|x86
		{5B90F678-20F2-453F-B9A6-3344F1EDEF85}.Debug|x86.Build.0 = Debug|x86
		{5B90F678-20F2-453F-B9A6-3344F1EDEF85}.Release|Any CPU.ActiveCfg = Release|Any CPU
		{5B90F678-20F2-453F-B9A6-3344F1EDEF85}.Release|Any CPU.Build.0 = Release|Any CPU
		{5B90F678-20F2-453F-B9A6-3344F1EDEF85}.Release|Mixed Platforms.ActiveCfg = Release|x86
		{5B90F678-20F2-453F-B9A6-3344F1EDEF85}.Release|Mixed Platforms.Build.0 = Release|x86
		{5B90F678-20F2-453F-B9A6-3344F1EDEF85}.Release|x86.ActiveCfg = Release|x86
		{5B90F678-20F2-453F-B9A6-3344F1EDEF85}.Release|x86.Build.0 = Release|x86
		{98ADD1C5-2CA3-4B44-AC4D-5D25A90BDE37}.Debug|Any CPU.ActiveCfg = Debug|Any CPU
		{98ADD1C5-2CA3-4B44-AC4D-5D25A90BDE37}.Debug|Any CPU.Build.0 = Debug|Any CPU
		{98ADD1C5-2CA3-4B44-AC4D-5D25A90BDE37}.Debug|Mixed Platforms.ActiveCfg = Debug|x86
		{98ADD1C5-2CA3-4B44-AC4D-5D25A90BDE37}.Debug|Mixed Platforms.Build.0 = Debug|x86
		{98ADD1C5-2CA3-4B44-AC4D-5D25A90BDE37}.Debug|x86.ActiveCfg = Debug|x86
		{98ADD1C5-2CA3-4B44-AC4D-5D25A90BDE37}.Debug|x86.Build.0 = Debug|x86
		{98ADD1C5-2CA3-4B44-AC4D-5D25A90BDE37}.Release|Any CPU.ActiveCfg = Release|Any CPU
		{98ADD1C5-2CA3-4B44-AC4D-5D25A90BDE37}.Release|Any CPU.Build.0 = Release|Any CPU
		{98ADD1C5-2CA3-4B44-AC4D-5D25A90BDE37}.Release|Mixed Platforms.ActiveCfg = Release|x86
		{98ADD1C5-2CA3-4B44-AC4D-5D25A90BDE37}.Release|Mixed Platforms.Build.0 = Release|x86
		{98ADD1C5-2CA3-4B44-AC4D-5D25A90BDE37}.Release|x86.ActiveCfg = Release|x86
		{98ADD1C5-2CA3-4B44-AC4D-5D25A90BDE37}.Release|x86.Build.0 = Release|x86
		{9C31B572-9DBC-49FD-86EC-33A448825420}.Debug|Any CPU.ActiveCfg = Debug|Any CPU
		{9C31B572-9DBC-49FD-86EC-33A448825420}.Debug|Any CPU.Build.0 = Debug|Any CPU
		{9C31B572-9DBC-49FD-86EC-33A448825420}.Debug|Mixed Platforms.ActiveCfg = Debug|x86
		{9C31B572-9DBC-49FD-86EC-33A448825420}.Debug|Mixed Platforms.Build.0 = Debug|x86
		{9C31B572-9DBC-49FD-86EC-33A448825420}.Debug|x86.ActiveCfg = Debug|x86
		{9C31B572-9DBC-49FD-86EC-33A448825420}.Debug|x86.Build.0 = Debug|x86
		{9C31B572-9DBC-49FD-86EC-33A448825420}.Release|Any CPU.ActiveCfg = Release|Any CPU
		{9C31B572-9DBC-49FD-86EC-33A448825420}.Release|Any CPU.Build.0 = Release|Any CPU
		{9C31B572-9DBC-49FD-86EC-33A448825420}.Release|Mixed Platforms.ActiveCfg = Release|x86
		{9C31B572-9DBC-49FD-86EC-33A448825420}.Release|Mixed Platforms.Build.0 = Release|x86
		{9C31B572-9DBC-49FD-86EC-33A448825420}.Release|x86.ActiveCfg = Release|x86
		{9C31B572-9DBC-49FD-86EC-33A448825420}.Release|x86.Build.0 = Release|x86
		{82B5DC81-F8EA-4D29-B717-77B4A623D6F4}.Debug|Any CPU.ActiveCfg = Debug|Any CPU
		{82B5DC81-F8EA-4D29-B717-77B4A623D6F4}.Debug|Any CPU.Build.0 = Debug|Any CPU
		{82B5DC81-F8EA-4D29-B717-77B4A623D6F4}.Debug|Mixed Platforms.ActiveCfg = Debug|x86
		{82B5DC81-F8EA-4D29-B717-77B4A623D6F4}.Debug|Mixed Platforms.Build.0 = Debug|x86
		{82B5DC81-F8EA-4D29-B717-77B4A623D6F4}.Debug|x86.ActiveCfg = Debug|x86
		{82B5DC81-F8EA-4D29-B717-77B4A623D6F4}.Debug|x86.Build.0 = Debug|x86
		{82B5DC81-F8EA-4D29-B717-77B4A623D6F4}.Release|Any CPU.ActiveCfg = Release|Any CPU
		{82B5DC81-F8EA-4D29-B717-77B4A623D6F4}.Release|Any CPU.Build.0 = Release|Any CPU
		{82B5DC81-F8EA-4D29-B717-77B4A623D6F4}.Release|Mixed Platforms.ActiveCfg = Release|x86
		{82B5DC81-F8EA-4D29-B717-77B4A623D6F4}.Release|Mixed Platforms.Build.0 = Release|x86
		{82B5DC81-F8EA-4D29-B717-77B4A623D6F4}.Release|x86.ActiveCfg = Release|x86
		{82B5DC81-F8EA-4D29-B717-77B4A623D6F4}.Release|x86.Build.0 = Release|x86
		{74223397-052C-4F45-B703-DDF5BCED536B}.Debug|Any CPU.ActiveCfg = Debug|Any CPU
		{74223397-052C-4F45-B703-DDF5BCED536B}.Debug|Any CPU.Build.0 = Debug|Any CPU
		{74223397-052C-4F45-B703-DDF5BCED536B}.Debug|Mixed Platforms.ActiveCfg = Debug|x86
		{74223397-052C-4F45-B703-DDF5BCED536B}.Debug|Mixed Platforms.Build.0 = Debug|x86
		{74223397-052C-4F45-B703-DDF5BCED536B}.Debug|x86.ActiveCfg = Debug|x86
		{74223397-052C-4F45-B703-DDF5BCED536B}.Debug|x86.Build.0 = Debug|x86
		{74223397-052C-4F45-B703-DDF5BCED536B}.Release|Any CPU.ActiveCfg = Release|Any CPU
		{74223397-052C-4F45-B703-DDF5BCED536B}.Release|Any CPU.Build.0 = Release|Any CPU
		{74223397-052C-4F45-B703-DDF5BCED536B}.Release|Mixed Platforms.ActiveCfg = Release|x86
		{74223397-052C-4F45-B703-DDF5BCED536B}.Release|Mixed Platforms.Build.0 = Release|x86
		{74223397-052C-4F45-B703-DDF5BCED536B}.Release|x86.ActiveCfg = Release|x86
		{74223397-052C-4F45-B703-DDF5BCED536B}.Release|x86.Build.0 = Release|x86
		{A7809ED2-AC1D-46CC-B594-B1422CFE0DA7}.Debug|Any CPU.ActiveCfg = Debug|Any CPU
		{A7809ED2-AC1D-46CC-B594-B1422CFE0DA7}.Debug|Any CPU.Build.0 = Debug|Any CPU
		{A7809ED2-AC1D-46CC-B594-B1422CFE0DA7}.Debug|Mixed Platforms.ActiveCfg = Debug|x86
		{A7809ED2-AC1D-46CC-B594-B1422CFE0DA7}.Debug|Mixed Platforms.Build.0 = Debug|x86
		{A7809ED2-AC1D-46CC-B594-B1422CFE0DA7}.Debug|x86.ActiveCfg = Debug|x86
		{A7809ED2-AC1D-46CC-B594-B1422CFE0DA7}.Debug|x86.Build.0 = Debug|x86
		{A7809ED2-AC1D-46CC-B594-B1422CFE0DA7}.Release|Any CPU.ActiveCfg = Release|Any CPU
		{A7809ED2-AC1D-46CC-B594-B1422CFE0DA7}.Release|Any CPU.Build.0 = Release|Any CPU
		{A7809ED2-AC1D-46CC-B594-B1422CFE0DA7}.Release|Mixed Platforms.ActiveCfg = Release|x86
		{A7809ED2-AC1D-46CC-B594-B1422CFE0DA7}.Release|Mixed Platforms.Build.0 = Release|x86
		{A7809ED2-AC1D-46CC-B594-B1422CFE0DA7}.Release|x86.ActiveCfg = Release|x86
		{A7809ED2-AC1D-46CC-B594-B1422CFE0DA7}.Release|x86.Build.0 = Release|x86
		{1EA3B178-B4DE-4AC9-9F1C-02FA83F565E4}.Debug|Any CPU.ActiveCfg = Debug|Any CPU
		{1EA3B178-B4DE-4AC9-9F1C-02FA83F565E4}.Debug|Any CPU.Build.0 = Debug|Any CPU
		{1EA3B178-B4DE-4AC9-9F1C-02FA83F565E4}.Debug|Mixed Platforms.ActiveCfg = Debug|x86
		{1EA3B178-B4DE-4AC9-9F1C-02FA83F565E4}.Debug|Mixed Platforms.Build.0 = Debug|x86
		{1EA3B178-B4DE-4AC9-9F1C-02FA83F565E4}.Debug|x86.ActiveCfg = Debug|x86
		{1EA3B178-B4DE-4AC9-9F1C-02FA83F565E4}.Debug|x86.Build.0 = Debug|x86
		{1EA3B178-B4DE-4AC9-9F1C-02FA83F565E4}.Release|Any CPU.ActiveCfg = Release|Any CPU
		{1EA3B178-B4DE-4AC9-9F1C-02FA83F565E4}.Release|Any CPU.Build.0 = Release|Any CPU
		{1EA3B178-B4DE-4AC9-9F1C-02FA83F565E4}.Release|Mixed Platforms.ActiveCfg = Release|x86
		{1EA3B178-B4DE-4AC9-9F1C-02FA83F565E4}.Release|Mixed Platforms.Build.0 = Release|x86
		{1EA3B178-B4DE-4AC9-9F1C-02FA83F565E4}.Release|x86.ActiveCfg = Release|x86
		{1EA3B178-B4DE-4AC9-9F1C-02FA83F565E4}.Release|x86.Build.0 = Release|x86
		{40A3407D-5AE5-4C09-A6F4-B1ED260215AF}.Debug|Any CPU.ActiveCfg = Debug|Any CPU
		{40A3407D-5AE5-4C09-A6F4-B1ED260215AF}.Debug|Any CPU.Build.0 = Debug|Any CPU
		{40A3407D-5AE5-4C09-A6F4-B1ED260215AF}.Debug|Mixed Platforms.ActiveCfg = Debug|x86
		{40A3407D-5AE5-4C09-A6F4-B1ED260215AF}.Debug|Mixed Platforms.Build.0 = Debug|x86
		{40A3407D-5AE5-4C09-A6F4-B1ED260215AF}.Debug|x86.ActiveCfg = Debug|x86
		{40A3407D-5AE5-4C09-A6F4-B1ED260215AF}.Debug|x86.Build.0 = Debug|x86
		{40A3407D-5AE5-4C09-A6F4-B1ED260215AF}.Release|Any CPU.ActiveCfg = Release|Any CPU
		{40A3407D-5AE5-4C09-A6F4-B1ED260215AF}.Release|Any CPU.Build.0 = Release|Any CPU
		{40A3407D-5AE5-4C09-A6F4-B1ED260215AF}.Release|Mixed Platforms.ActiveCfg = Release|x86
		{40A3407D-5AE5-4C09-A6F4-B1ED260215AF}.Release|Mixed Platforms.Build.0 = Release|x86
		{40A3407D-5AE5-4C09-A6F4-B1ED260215AF}.Release|x86.ActiveCfg = Release|x86
		{40A3407D-5AE5-4C09-A6F4-B1ED260215AF}.Release|x86.Build.0 = Release|x86
		{D10A6E81-4DF6-4F74-8140-7D5D0293F005}.Debug|Any CPU.ActiveCfg = Debug|Any CPU
		{D10A6E81-4DF6-4F74-8140-7D5D0293F005}.Debug|Any CPU.Build.0 = Debug|Any CPU
		{D10A6E81-4DF6-4F74-8140-7D5D0293F005}.Debug|Mixed Platforms.ActiveCfg = Debug|x86
		{D10A6E81-4DF6-4F74-8140-7D5D0293F005}.Debug|Mixed Platforms.Build.0 = Debug|x86
		{D10A6E81-4DF6-4F74-8140-7D5D0293F005}.Debug|x86.ActiveCfg = Debug|x86
		{D10A6E81-4DF6-4F74-8140-7D5D0293F005}.Debug|x86.Build.0 = Debug|x86
		{D10A6E81-4DF6-4F74-8140-7D5D0293F005}.Release|Any CPU.ActiveCfg = Release|Any CPU
		{D10A6E81-4DF6-4F74-8140-7D5D0293F005}.Release|Any CPU.Build.0 = Release|Any CPU
		{D10A6E81-4DF6-4F74-8140-7D5D0293F005}.Release|Mixed Platforms.ActiveCfg = Release|x86
		{D10A6E81-4DF6-4F74-8140-7D5D0293F005}.Release|Mixed Platforms.Build.0 = Release|x86
		{D10A6E81-4DF6-4F74-8140-7D5D0293F005}.Release|x86.ActiveCfg = Release|x86
		{D10A6E81-4DF6-4F74-8140-7D5D0293F005}.Release|x86.Build.0 = Release|x86
		{E8840D2A-AA70-46C8-A5F6-319503F7A8B1}.Debug|Any CPU.ActiveCfg = Debug|Any CPU
		{E8840D2A-AA70-46C8-A5F6-319503F7A8B1}.Debug|Any CPU.Build.0 = Debug|Any CPU
		{E8840D2A-AA70-46C8-A5F6-319503F7A8B1}.Debug|Mixed Platforms.ActiveCfg = Debug|x86
		{E8840D2A-AA70-46C8-A5F6-319503F7A8B1}.Debug|Mixed Platforms.Build.0 = Debug|x86
		{E8840D2A-AA70-46C8-A5F6-319503F7A8B1}.Debug|x86.ActiveCfg = Debug|x86
		{E8840D2A-AA70-46C8-A5F6-319503F7A8B1}.Debug|x86.Build.0 = Debug|x86
		{E8840D2A-AA70-46C8-A5F6-319503F7A8B1}.Release|Any CPU.ActiveCfg = Release|Any CPU
		{E8840D2A-AA70-46C8-A5F6-319503F7A8B1}.Release|Any CPU.Build.0 = Release|Any CPU
		{E8840D2A-AA70-46C8-A5F6-319503F7A8B1}.Release|Mixed Platforms.ActiveCfg = Release|x86
		{E8840D2A-AA70-46C8-A5F6-319503F7A8B1}.Release|Mixed Platforms.Build.0 = Release|x86
		{E8840D2A-AA70-46C8-A5F6-319503F7A8B1}.Release|x86.ActiveCfg = Release|x86
		{E8840D2A-AA70-46C8-A5F6-319503F7A8B1}.Release|x86.Build.0 = Release|x86
		{66DB220D-6608-45F4-874A-860F1ACAEAB9}.Debug|Any CPU.ActiveCfg = Debug|Any CPU
		{66DB220D-6608-45F4-874A-860F1ACAEAB9}.Debug|Any CPU.Build.0 = Debug|Any CPU
		{66DB220D-6608-45F4-874A-860F1ACAEAB9}.Debug|Mixed Platforms.ActiveCfg = Debug|x86
		{66DB220D-6608-45F4-874A-860F1ACAEAB9}.Debug|Mixed Platforms.Build.0 = Debug|x86
		{66DB220D-6608-45F4-874A-860F1ACAEAB9}.Debug|x86.ActiveCfg = Debug|x86
		{66DB220D-6608-45F4-874A-860F1ACAEAB9}.Debug|x86.Build.0 = Debug|x86
		{66DB220D-6608-45F4-874A-860F1ACAEAB9}.Release|Any CPU.ActiveCfg = Release|Any CPU
		{66DB220D-6608-45F4-874A-860F1ACAEAB9}.Release|Any CPU.Build.0 = Release|Any CPU
		{66DB220D-6608-45F4-874A-860F1ACAEAB9}.Release|Mixed Platforms.ActiveCfg = Release|x86
		{66DB220D-6608-45F4-874A-860F1ACAEAB9}.Release|Mixed Platforms.Build.0 = Release|x86
		{66DB220D-6608-45F4-874A-860F1ACAEAB9}.Release|x86.ActiveCfg = Release|x86
		{66DB220D-6608-45F4-874A-860F1ACAEAB9}.Release|x86.Build.0 = Release|x86
		{82BA007C-B7FC-41D1-B7A8-19BFA5BB7F68}.Debug|Any CPU.ActiveCfg = Debug|Any CPU
		{82BA007C-B7FC-41D1-B7A8-19BFA5BB7F68}.Debug|Any CPU.Build.0 = Debug|Any CPU
		{82BA007C-B7FC-41D1-B7A8-19BFA5BB7F68}.Debug|Mixed Platforms.ActiveCfg = Debug|x86
		{82BA007C-B7FC-41D1-B7A8-19BFA5BB7F68}.Debug|Mixed Platforms.Build.0 = Debug|x86
		{82BA007C-B7FC-41D1-B7A8-19BFA5BB7F68}.Debug|x86.ActiveCfg = Debug|x86
		{82BA007C-B7FC-41D1-B7A8-19BFA5BB7F68}.Debug|x86.Build.0 = Debug|x86
		{82BA007C-B7FC-41D1-B7A8-19BFA5BB7F68}.Release|Any CPU.ActiveCfg = Release|Any CPU
		{82BA007C-B7FC-41D1-B7A8-19BFA5BB7F68}.Release|Any CPU.Build.0 = Release|Any CPU
		{82BA007C-B7FC-41D1-B7A8-19BFA5BB7F68}.Release|Mixed Platforms.ActiveCfg = Release|x86
		{82BA007C-B7FC-41D1-B7A8-19BFA5BB7F68}.Release|Mixed Platforms.Build.0 = Release|x86
		{82BA007C-B7FC-41D1-B7A8-19BFA5BB7F68}.Release|x86.ActiveCfg = Release|x86
		{82BA007C-B7FC-41D1-B7A8-19BFA5BB7F68}.Release|x86.Build.0 = Release|x86
		{D0F09E66-4145-4EFA-B2BC-758E59B1940A}.Debug|Any CPU.ActiveCfg = Debug|Any CPU
		{D0F09E66-4145-4EFA-B2BC-758E59B1940A}.Debug|Any CPU.Build.0 = Debug|Any CPU
		{D0F09E66-4145-4EFA-B2BC-758E59B1940A}.Debug|Mixed Platforms.ActiveCfg = Debug|x86
		{D0F09E66-4145-4EFA-B2BC-758E59B1940A}.Debug|Mixed Platforms.Build.0 = Debug|x86
		{D0F09E66-4145-4EFA-B2BC-758E59B1940A}.Debug|x86.ActiveCfg = Debug|x86
		{D0F09E66-4145-4EFA-B2BC-758E59B1940A}.Debug|x86.Build.0 = Debug|x86
		{D0F09E66-4145-4EFA-B2BC-758E59B1940A}.Release|Any CPU.ActiveCfg = Release|Any CPU
		{D0F09E66-4145-4EFA-B2BC-758E59B1940A}.Release|Any CPU.Build.0 = Release|Any CPU
		{D0F09E66-4145-4EFA-B2BC-758E59B1940A}.Release|Mixed Platforms.ActiveCfg = Release|x86
		{D0F09E66-4145-4EFA-B2BC-758E59B1940A}.Release|Mixed Platforms.Build.0 = Release|x86
		{D0F09E66-4145-4EFA-B2BC-758E59B1940A}.Release|x86.ActiveCfg = Release|x86
		{D0F09E66-4145-4EFA-B2BC-758E59B1940A}.Release|x86.Build.0 = Release|x86
		{338D7A88-4612-41E9-9107-BAD8984A5CB5}.Debug|Any CPU.ActiveCfg = Debug|Any CPU
		{338D7A88-4612-41E9-9107-BAD8984A5CB5}.Debug|Any CPU.Build.0 = Debug|Any CPU
		{338D7A88-4612-41E9-9107-BAD8984A5CB5}.Debug|Mixed Platforms.ActiveCfg = Debug|x86
		{338D7A88-4612-41E9-9107-BAD8984A5CB5}.Debug|Mixed Platforms.Build.0 = Debug|x86
		{338D7A88-4612-41E9-9107-BAD8984A5CB5}.Debug|x86.ActiveCfg = Debug|x86
		{338D7A88-4612-41E9-9107-BAD8984A5CB5}.Debug|x86.Build.0 = Debug|x86
		{338D7A88-4612-41E9-9107-BAD8984A5CB5}.Release|Any CPU.ActiveCfg = Release|Any CPU
		{338D7A88-4612-41E9-9107-BAD8984A5CB5}.Release|Any CPU.Build.0 = Release|Any CPU
		{338D7A88-4612-41E9-9107-BAD8984A5CB5}.Release|Mixed Platforms.ActiveCfg = Release|x86
		{338D7A88-4612-41E9-9107-BAD8984A5CB5}.Release|Mixed Platforms.Build.0 = Release|x86
		{338D7A88-4612-41E9-9107-BAD8984A5CB5}.Release|x86.ActiveCfg = Release|x86
		{338D7A88-4612-41E9-9107-BAD8984A5CB5}.Release|x86.Build.0 = Release|x86
		{496E343B-FEA0-4F1D-99F7-0CDC4850D99F}.Debug|Any CPU.ActiveCfg = Debug|Any CPU
		{496E343B-FEA0-4F1D-99F7-0CDC4850D99F}.Debug|Any CPU.Build.0 = Debug|Any CPU
		{496E343B-FEA0-4F1D-99F7-0CDC4850D99F}.Debug|Mixed Platforms.ActiveCfg = Debug|x86
		{496E343B-FEA0-4F1D-99F7-0CDC4850D99F}.Debug|Mixed Platforms.Build.0 = Debug|x86
		{496E343B-FEA0-4F1D-99F7-0CDC4850D99F}.Debug|x86.ActiveCfg = Debug|x86
		{496E343B-FEA0-4F1D-99F7-0CDC4850D99F}.Debug|x86.Build.0 = Debug|x86
		{496E343B-FEA0-4F1D-99F7-0CDC4850D99F}.Release|Any CPU.ActiveCfg = Release|Any CPU
		{496E343B-FEA0-4F1D-99F7-0CDC4850D99F}.Release|Any CPU.Build.0 = Release|Any CPU
		{496E343B-FEA0-4F1D-99F7-0CDC4850D99F}.Release|Mixed Platforms.ActiveCfg = Release|x86
		{496E343B-FEA0-4F1D-99F7-0CDC4850D99F}.Release|Mixed Platforms.Build.0 = Release|x86
		{496E343B-FEA0-4F1D-99F7-0CDC4850D99F}.Release|x86.ActiveCfg = Release|x86
		{496E343B-FEA0-4F1D-99F7-0CDC4850D99F}.Release|x86.Build.0 = Release|x86
		{C18B8A2E-1A64-488C-A927-6ED5F5C7BEEA}.Debug|Any CPU.ActiveCfg = Debug|Any CPU
		{C18B8A2E-1A64-488C-A927-6ED5F5C7BEEA}.Debug|Any CPU.Build.0 = Debug|Any CPU
		{C18B8A2E-1A64-488C-A927-6ED5F5C7BEEA}.Debug|Mixed Platforms.ActiveCfg = Debug|x86
		{C18B8A2E-1A64-488C-A927-6ED5F5C7BEEA}.Debug|Mixed Platforms.Build.0 = Debug|x86
		{C18B8A2E-1A64-488C-A927-6ED5F5C7BEEA}.Debug|x86.ActiveCfg = Debug|x86
		{C18B8A2E-1A64-488C-A927-6ED5F5C7BEEA}.Debug|x86.Build.0 = Debug|x86
		{C18B8A2E-1A64-488C-A927-6ED5F5C7BEEA}.Release|Any CPU.ActiveCfg = Release|Any CPU
		{C18B8A2E-1A64-488C-A927-6ED5F5C7BEEA}.Release|Any CPU.Build.0 = Release|Any CPU
		{C18B8A2E-1A64-488C-A927-6ED5F5C7BEEA}.Release|Mixed Platforms.ActiveCfg = Release|x86
		{C18B8A2E-1A64-488C-A927-6ED5F5C7BEEA}.Release|Mixed Platforms.Build.0 = Release|x86
		{C18B8A2E-1A64-488C-A927-6ED5F5C7BEEA}.Release|x86.ActiveCfg = Release|x86
		{C18B8A2E-1A64-488C-A927-6ED5F5C7BEEA}.Release|x86.Build.0 = Release|x86
		{A1197887-6F21-4D62-8983-9A47C2088053}.Debug|Any CPU.ActiveCfg = Debug|Any CPU
		{A1197887-6F21-4D62-8983-9A47C2088053}.Debug|Any CPU.Build.0 = Debug|Any CPU
		{A1197887-6F21-4D62-8983-9A47C2088053}.Debug|Mixed Platforms.ActiveCfg = Debug|x86
		{A1197887-6F21-4D62-8983-9A47C2088053}.Debug|Mixed Platforms.Build.0 = Debug|x86
		{A1197887-6F21-4D62-8983-9A47C2088053}.Debug|x86.ActiveCfg = Debug|x86
		{A1197887-6F21-4D62-8983-9A47C2088053}.Debug|x86.Build.0 = Debug|x86
		{A1197887-6F21-4D62-8983-9A47C2088053}.Release|Any CPU.ActiveCfg = Release|Any CPU
		{A1197887-6F21-4D62-8983-9A47C2088053}.Release|Any CPU.Build.0 = Release|Any CPU
		{A1197887-6F21-4D62-8983-9A47C2088053}.Release|Mixed Platforms.ActiveCfg = Release|x86
		{A1197887-6F21-4D62-8983-9A47C2088053}.Release|Mixed Platforms.Build.0 = Release|x86
		{A1197887-6F21-4D62-8983-9A47C2088053}.Release|x86.ActiveCfg = Release|x86
		{A1197887-6F21-4D62-8983-9A47C2088053}.Release|x86.Build.0 = Release|x86
		{EE794861-066F-4A91-92B8-08E3CE8A6B9F}.Debug|Any CPU.ActiveCfg = Debug|Any CPU
		{EE794861-066F-4A91-92B8-08E3CE8A6B9F}.Debug|Any CPU.Build.0 = Debug|Any CPU
		{EE794861-066F-4A91-92B8-08E3CE8A6B9F}.Debug|Mixed Platforms.ActiveCfg = Debug|x86
		{EE794861-066F-4A91-92B8-08E3CE8A6B9F}.Debug|Mixed Platforms.Build.0 = Debug|x86
		{EE794861-066F-4A91-92B8-08E3CE8A6B9F}.Debug|x86.ActiveCfg = Debug|x86
		{EE794861-066F-4A91-92B8-08E3CE8A6B9F}.Debug|x86.Build.0 = Debug|x86
		{EE794861-066F-4A91-92B8-08E3CE8A6B9F}.Release|Any CPU.ActiveCfg = Release|Any CPU
		{EE794861-066F-4A91-92B8-08E3CE8A6B9F}.Release|Any CPU.Build.0 = Release|Any CPU
		{EE794861-066F-4A91-92B8-08E3CE8A6B9F}.Release|Mixed Platforms.ActiveCfg = Release|x86
		{EE794861-066F-4A91-92B8-08E3CE8A6B9F}.Release|Mixed Platforms.Build.0 = Release|x86
		{EE794861-066F-4A91-92B8-08E3CE8A6B9F}.Release|x86.ActiveCfg = Release|x86
		{EE794861-066F-4A91-92B8-08E3CE8A6B9F}.Release|x86.Build.0 = Release|x86
		{4CA780A8-FAFC-4CD6-B616-7D4DF8E5CED9}.Debug|Any CPU.ActiveCfg = Debug|Any CPU
		{4CA780A8-FAFC-4CD6-B616-7D4DF8E5CED9}.Debug|Any CPU.Build.0 = Debug|Any CPU
		{4CA780A8-FAFC-4CD6-B616-7D4DF8E5CED9}.Debug|Mixed Platforms.ActiveCfg = Debug|x86
		{4CA780A8-FAFC-4CD6-B616-7D4DF8E5CED9}.Debug|Mixed Platforms.Build.0 = Debug|x86
		{4CA780A8-FAFC-4CD6-B616-7D4DF8E5CED9}.Debug|x86.ActiveCfg = Debug|x86
		{4CA780A8-FAFC-4CD6-B616-7D4DF8E5CED9}.Debug|x86.Build.0 = Debug|x86
		{4CA780A8-FAFC-4CD6-B616-7D4DF8E5CED9}.Release|Any CPU.ActiveCfg = Release|Any CPU
		{4CA780A8-FAFC-4CD6-B616-7D4DF8E5CED9}.Release|Any CPU.Build.0 = Release|Any CPU
		{4CA780A8-FAFC-4CD6-B616-7D4DF8E5CED9}.Release|Mixed Platforms.ActiveCfg = Release|x86
		{4CA780A8-FAFC-4CD6-B616-7D4DF8E5CED9}.Release|Mixed Platforms.Build.0 = Release|x86
		{4CA780A8-FAFC-4CD6-B616-7D4DF8E5CED9}.Release|x86.ActiveCfg = Release|x86
		{4CA780A8-FAFC-4CD6-B616-7D4DF8E5CED9}.Release|x86.Build.0 = Release|x86
		{605DCFAA-5DCF-4026-8628-4EF79D9A332A}.Debug|Any CPU.ActiveCfg = Debug|Any CPU
		{605DCFAA-5DCF-4026-8628-4EF79D9A332A}.Debug|Any CPU.Build.0 = Debug|Any CPU
		{605DCFAA-5DCF-4026-8628-4EF79D9A332A}.Debug|Mixed Platforms.ActiveCfg = Debug|x86
		{605DCFAA-5DCF-4026-8628-4EF79D9A332A}.Debug|Mixed Platforms.Build.0 = Debug|x86
		{605DCFAA-5DCF-4026-8628-4EF79D9A332A}.Debug|x86.ActiveCfg = Debug|x86
		{605DCFAA-5DCF-4026-8628-4EF79D9A332A}.Debug|x86.Build.0 = Debug|x86
		{605DCFAA-5DCF-4026-8628-4EF79D9A332A}.Release|Any CPU.ActiveCfg = Release|Any CPU
		{605DCFAA-5DCF-4026-8628-4EF79D9A332A}.Release|Any CPU.Build.0 = Release|Any CPU
		{605DCFAA-5DCF-4026-8628-4EF79D9A332A}.Release|Mixed Platforms.ActiveCfg = Release|x86
		{605DCFAA-5DCF-4026-8628-4EF79D9A332A}.Release|Mixed Platforms.Build.0 = Release|x86
		{605DCFAA-5DCF-4026-8628-4EF79D9A332A}.Release|x86.ActiveCfg = Release|x86
		{605DCFAA-5DCF-4026-8628-4EF79D9A332A}.Release|x86.Build.0 = Release|x86
		{11D0FCB0-D7C2-47A8-B25D-9703A48D6D8B}.Debug|Any CPU.ActiveCfg = Debug|Any CPU
		{11D0FCB0-D7C2-47A8-B25D-9703A48D6D8B}.Debug|Any CPU.Build.0 = Debug|Any CPU
		{11D0FCB0-D7C2-47A8-B25D-9703A48D6D8B}.Debug|Mixed Platforms.ActiveCfg = Debug|x86
		{11D0FCB0-D7C2-47A8-B25D-9703A48D6D8B}.Debug|Mixed Platforms.Build.0 = Debug|x86
		{11D0FCB0-D7C2-47A8-B25D-9703A48D6D8B}.Debug|x86.ActiveCfg = Debug|x86
		{11D0FCB0-D7C2-47A8-B25D-9703A48D6D8B}.Debug|x86.Build.0 = Debug|x86
		{11D0FCB0-D7C2-47A8-B25D-9703A48D6D8B}.Release|Any CPU.ActiveCfg = Release|Any CPU
		{11D0FCB0-D7C2-47A8-B25D-9703A48D6D8B}.Release|Any CPU.Build.0 = Release|Any CPU
		{11D0FCB0-D7C2-47A8-B25D-9703A48D6D8B}.Release|Mixed Platforms.ActiveCfg = Release|x86
		{11D0FCB0-D7C2-47A8-B25D-9703A48D6D8B}.Release|Mixed Platforms.Build.0 = Release|x86
		{11D0FCB0-D7C2-47A8-B25D-9703A48D6D8B}.Release|x86.ActiveCfg = Release|x86
		{11D0FCB0-D7C2-47A8-B25D-9703A48D6D8B}.Release|x86.Build.0 = Release|x86
		{F3A60F45-AED0-4C4D-A346-C5FA55F80A30}.Debug|Any CPU.ActiveCfg = Debug|Any CPU
		{F3A60F45-AED0-4C4D-A346-C5FA55F80A30}.Debug|Any CPU.Build.0 = Debug|Any CPU
		{F3A60F45-AED0-4C4D-A346-C5FA55F80A30}.Debug|Mixed Platforms.ActiveCfg = Debug|x86
		{F3A60F45-AED0-4C4D-A346-C5FA55F80A30}.Debug|Mixed Platforms.Build.0 = Debug|x86
		{F3A60F45-AED0-4C4D-A346-C5FA55F80A30}.Debug|x86.ActiveCfg = Debug|x86
		{F3A60F45-AED0-4C4D-A346-C5FA55F80A30}.Debug|x86.Build.0 = Debug|x86
		{F3A60F45-AED0-4C4D-A346-C5FA55F80A30}.Release|Any CPU.ActiveCfg = Release|Any CPU
		{F3A60F45-AED0-4C4D-A346-C5FA55F80A30}.Release|Any CPU.Build.0 = Release|Any CPU
		{F3A60F45-AED0-4C4D-A346-C5FA55F80A30}.Release|Mixed Platforms.ActiveCfg = Release|x86
		{F3A60F45-AED0-4C4D-A346-C5FA55F80A30}.Release|Mixed Platforms.Build.0 = Release|x86
		{F3A60F45-AED0-4C4D-A346-C5FA55F80A30}.Release|x86.ActiveCfg = Release|x86
		{F3A60F45-AED0-4C4D-A346-C5FA55F80A30}.Release|x86.Build.0 = Release|x86
		{6C2DE9FD-B01C-4665-A5CC-4E75AC1CE2FC}.Debug|Any CPU.ActiveCfg = Debug|Any CPU
		{6C2DE9FD-B01C-4665-A5CC-4E75AC1CE2FC}.Debug|Any CPU.Build.0 = Debug|Any CPU
		{6C2DE9FD-B01C-4665-A5CC-4E75AC1CE2FC}.Debug|Mixed Platforms.ActiveCfg = Debug|x86
		{6C2DE9FD-B01C-4665-A5CC-4E75AC1CE2FC}.Debug|Mixed Platforms.Build.0 = Debug|x86
		{6C2DE9FD-B01C-4665-A5CC-4E75AC1CE2FC}.Debug|x86.ActiveCfg = Debug|x86
		{6C2DE9FD-B01C-4665-A5CC-4E75AC1CE2FC}.Debug|x86.Build.0 = Debug|x86
		{6C2DE9FD-B01C-4665-A5CC-4E75AC1CE2FC}.Release|Any CPU.ActiveCfg = Release|Any CPU
		{6C2DE9FD-B01C-4665-A5CC-4E75AC1CE2FC}.Release|Any CPU.Build.0 = Release|Any CPU
		{6C2DE9FD-B01C-4665-A5CC-4E75AC1CE2FC}.Release|Mixed Platforms.ActiveCfg = Release|x86
		{6C2DE9FD-B01C-4665-A5CC-4E75AC1CE2FC}.Release|Mixed Platforms.Build.0 = Release|x86
		{6C2DE9FD-B01C-4665-A5CC-4E75AC1CE2FC}.Release|x86.ActiveCfg = Release|x86
		{6C2DE9FD-B01C-4665-A5CC-4E75AC1CE2FC}.Release|x86.Build.0 = Release|x86
		{1FE1B1DA-1E1D-4C5E-88FA-37F023C28885}.Debug|Any CPU.ActiveCfg = Debug|Any CPU
		{1FE1B1DA-1E1D-4C5E-88FA-37F023C28885}.Debug|Any CPU.Build.0 = Debug|Any CPU
		{1FE1B1DA-1E1D-4C5E-88FA-37F023C28885}.Debug|Mixed Platforms.ActiveCfg = Debug|x86
		{1FE1B1DA-1E1D-4C5E-88FA-37F023C28885}.Debug|Mixed Platforms.Build.0 = Debug|x86
		{1FE1B1DA-1E1D-4C5E-88FA-37F023C28885}.Debug|x86.ActiveCfg = Debug|x86
		{1FE1B1DA-1E1D-4C5E-88FA-37F023C28885}.Debug|x86.Build.0 = Debug|x86
		{1FE1B1DA-1E1D-4C5E-88FA-37F023C28885}.Release|Any CPU.ActiveCfg = Release|Any CPU
		{1FE1B1DA-1E1D-4C5E-88FA-37F023C28885}.Release|Any CPU.Build.0 = Release|Any CPU
		{1FE1B1DA-1E1D-4C5E-88FA-37F023C28885}.Release|Mixed Platforms.ActiveCfg = Release|x86
		{1FE1B1DA-1E1D-4C5E-88FA-37F023C28885}.Release|Mixed Platforms.Build.0 = Release|x86
		{1FE1B1DA-1E1D-4C5E-88FA-37F023C28885}.Release|x86.ActiveCfg = Release|x86
		{1FE1B1DA-1E1D-4C5E-88FA-37F023C28885}.Release|x86.Build.0 = Release|x86
		{ED07A55B-2B70-4232-8728-2F2B9E2B7D1B}.Debug|Any CPU.ActiveCfg = Debug|Any CPU
		{ED07A55B-2B70-4232-8728-2F2B9E2B7D1B}.Debug|Any CPU.Build.0 = Debug|Any CPU
		{ED07A55B-2B70-4232-8728-2F2B9E2B7D1B}.Debug|Mixed Platforms.ActiveCfg = Debug|x86
		{ED07A55B-2B70-4232-8728-2F2B9E2B7D1B}.Debug|Mixed Platforms.Build.0 = Debug|x86
		{ED07A55B-2B70-4232-8728-2F2B9E2B7D1B}.Debug|x86.ActiveCfg = Debug|x86
		{ED07A55B-2B70-4232-8728-2F2B9E2B7D1B}.Debug|x86.Build.0 = Debug|x86
		{ED07A55B-2B70-4232-8728-2F2B9E2B7D1B}.Release|Any CPU.ActiveCfg = Release|Any CPU
		{ED07A55B-2B70-4232-8728-2F2B9E2B7D1B}.Release|Any CPU.Build.0 = Release|Any CPU
		{ED07A55B-2B70-4232-8728-2F2B9E2B7D1B}.Release|Mixed Platforms.ActiveCfg = Release|x86
		{ED07A55B-2B70-4232-8728-2F2B9E2B7D1B}.Release|Mixed Platforms.Build.0 = Release|x86
		{ED07A55B-2B70-4232-8728-2F2B9E2B7D1B}.Release|x86.ActiveCfg = Release|x86
		{ED07A55B-2B70-4232-8728-2F2B9E2B7D1B}.Release|x86.Build.0 = Release|x86
		{FE86E32D-AC35-4F55-BCDE-1FC4BBB22AB3}.Debug|Any CPU.ActiveCfg = Debug|Any CPU
		{FE86E32D-AC35-4F55-BCDE-1FC4BBB22AB3}.Debug|Any CPU.Build.0 = Debug|Any CPU
		{FE86E32D-AC35-4F55-BCDE-1FC4BBB22AB3}.Debug|Mixed Platforms.ActiveCfg = Debug|x86
		{FE86E32D-AC35-4F55-BCDE-1FC4BBB22AB3}.Debug|Mixed Platforms.Build.0 = Debug|x86
		{FE86E32D-AC35-4F55-BCDE-1FC4BBB22AB3}.Debug|x86.ActiveCfg = Debug|x86
		{FE86E32D-AC35-4F55-BCDE-1FC4BBB22AB3}.Debug|x86.Build.0 = Debug|x86
		{FE86E32D-AC35-4F55-BCDE-1FC4BBB22AB3}.Release|Any CPU.ActiveCfg = Release|Any CPU
		{FE86E32D-AC35-4F55-BCDE-1FC4BBB22AB3}.Release|Any CPU.Build.0 = Release|Any CPU
		{FE86E32D-AC35-4F55-BCDE-1FC4BBB22AB3}.Release|Mixed Platforms.ActiveCfg = Release|x86
		{FE86E32D-AC35-4F55-BCDE-1FC4BBB22AB3}.Release|Mixed Platforms.Build.0 = Release|x86
		{FE86E32D-AC35-4F55-BCDE-1FC4BBB22AB3}.Release|x86.ActiveCfg = Release|x86
		{FE86E32D-AC35-4F55-BCDE-1FC4BBB22AB3}.Release|x86.Build.0 = Release|x86
		{16750EB8-94DF-444D-A506-5B59EE41B620}.Debug|Any CPU.ActiveCfg = Debug|Any CPU
		{16750EB8-94DF-444D-A506-5B59EE41B620}.Debug|Any CPU.Build.0 = Debug|Any CPU
		{16750EB8-94DF-444D-A506-5B59EE41B620}.Debug|Mixed Platforms.ActiveCfg = Debug|x86
		{16750EB8-94DF-444D-A506-5B59EE41B620}.Debug|Mixed Platforms.Build.0 = Debug|x86
		{16750EB8-94DF-444D-A506-5B59EE41B620}.Debug|x86.ActiveCfg = Debug|x86
		{16750EB8-94DF-444D-A506-5B59EE41B620}.Debug|x86.Build.0 = Debug|x86
		{16750EB8-94DF-444D-A506-5B59EE41B620}.Release|Any CPU.ActiveCfg = Release|Any CPU
		{16750EB8-94DF-444D-A506-5B59EE41B620}.Release|Any CPU.Build.0 = Release|Any CPU
		{16750EB8-94DF-444D-A506-5B59EE41B620}.Release|Mixed Platforms.ActiveCfg = Release|x86
		{16750EB8-94DF-444D-A506-5B59EE41B620}.Release|Mixed Platforms.Build.0 = Release|x86
		{16750EB8-94DF-444D-A506-5B59EE41B620}.Release|x86.ActiveCfg = Release|x86
		{16750EB8-94DF-444D-A506-5B59EE41B620}.Release|x86.Build.0 = Release|x86
		{ACCAFB07-795A-4A8A-AC12-7A5393AA0349}.Debug|Any CPU.ActiveCfg = Debug|Any CPU
		{ACCAFB07-795A-4A8A-AC12-7A5393AA0349}.Debug|Any CPU.Build.0 = Debug|Any CPU
		{ACCAFB07-795A-4A8A-AC12-7A5393AA0349}.Debug|Mixed Platforms.ActiveCfg = Debug|x86
		{ACCAFB07-795A-4A8A-AC12-7A5393AA0349}.Debug|Mixed Platforms.Build.0 = Debug|x86
		{ACCAFB07-795A-4A8A-AC12-7A5393AA0349}.Debug|x86.ActiveCfg = Debug|x86
		{ACCAFB07-795A-4A8A-AC12-7A5393AA0349}.Debug|x86.Build.0 = Debug|x86
		{ACCAFB07-795A-4A8A-AC12-7A5393AA0349}.Release|Any CPU.ActiveCfg = Release|Any CPU
		{ACCAFB07-795A-4A8A-AC12-7A5393AA0349}.Release|Any CPU.Build.0 = Release|Any CPU
		{ACCAFB07-795A-4A8A-AC12-7A5393AA0349}.Release|Mixed Platforms.ActiveCfg = Release|x86
		{ACCAFB07-795A-4A8A-AC12-7A5393AA0349}.Release|Mixed Platforms.Build.0 = Release|x86
		{ACCAFB07-795A-4A8A-AC12-7A5393AA0349}.Release|x86.ActiveCfg = Release|x86
		{ACCAFB07-795A-4A8A-AC12-7A5393AA0349}.Release|x86.Build.0 = Release|x86
		{C67BE4A1-ED07-41CA-A9FA-AFACD20490E2}.Debug|Any CPU.ActiveCfg = Debug|Any CPU
		{C67BE4A1-ED07-41CA-A9FA-AFACD20490E2}.Debug|Any CPU.Build.0 = Debug|Any CPU
		{C67BE4A1-ED07-41CA-A9FA-AFACD20490E2}.Debug|Mixed Platforms.ActiveCfg = Debug|x86
		{C67BE4A1-ED07-41CA-A9FA-AFACD20490E2}.Debug|Mixed Platforms.Build.0 = Debug|x86
		{C67BE4A1-ED07-41CA-A9FA-AFACD20490E2}.Debug|x86.ActiveCfg = Debug|x86
		{C67BE4A1-ED07-41CA-A9FA-AFACD20490E2}.Debug|x86.Build.0 = Debug|x86
		{C67BE4A1-ED07-41CA-A9FA-AFACD20490E2}.Release|Any CPU.ActiveCfg = Release|Any CPU
		{C67BE4A1-ED07-41CA-A9FA-AFACD20490E2}.Release|Any CPU.Build.0 = Release|Any CPU
		{C67BE4A1-ED07-41CA-A9FA-AFACD20490E2}.Release|Mixed Platforms.ActiveCfg = Release|x86
		{C67BE4A1-ED07-41CA-A9FA-AFACD20490E2}.Release|Mixed Platforms.Build.0 = Release|x86
		{C67BE4A1-ED07-41CA-A9FA-AFACD20490E2}.Release|x86.ActiveCfg = Release|x86
		{C67BE4A1-ED07-41CA-A9FA-AFACD20490E2}.Release|x86.Build.0 = Release|x86
		{51CF7567-FA7E-4D4A-B252-9379F51E96D8}.Debug|Any CPU.ActiveCfg = Debug|Any CPU
		{51CF7567-FA7E-4D4A-B252-9379F51E96D8}.Debug|Any CPU.Build.0 = Debug|Any CPU
		{51CF7567-FA7E-4D4A-B252-9379F51E96D8}.Debug|Mixed Platforms.ActiveCfg = Debug|x86
		{51CF7567-FA7E-4D4A-B252-9379F51E96D8}.Debug|Mixed Platforms.Build.0 = Debug|x86
		{51CF7567-FA7E-4D4A-B252-9379F51E96D8}.Debug|x86.ActiveCfg = Debug|x86
		{51CF7567-FA7E-4D4A-B252-9379F51E96D8}.Debug|x86.Build.0 = Debug|x86
		{51CF7567-FA7E-4D4A-B252-9379F51E96D8}.Release|Any CPU.ActiveCfg = Release|Any CPU
		{51CF7567-FA7E-4D4A-B252-9379F51E96D8}.Release|Any CPU.Build.0 = Release|Any CPU
		{51CF7567-FA7E-4D4A-B252-9379F51E96D8}.Release|Mixed Platforms.ActiveCfg = Release|x86
		{51CF7567-FA7E-4D4A-B252-9379F51E96D8}.Release|Mixed Platforms.Build.0 = Release|x86
		{51CF7567-FA7E-4D4A-B252-9379F51E96D8}.Release|x86.ActiveCfg = Release|x86
		{51CF7567-FA7E-4D4A-B252-9379F51E96D8}.Release|x86.Build.0 = Release|x86
	EndGlobalSection
	GlobalSection(SolutionProperties) = preSolution
		HideSolutionNode = FALSE
	EndGlobalSection
	GlobalSection(NestedProjects) = preSolution
		{CDF49F3D-0FD0-4F73-9FAC-D4CF6050C31F} = {BDBE4A9D-C4F9-43F5-A193-3959AEFA8464}
		{3B621DD5-CEFD-4B21-865B-B1A3E3A318DD} = {BDBE4A9D-C4F9-43F5-A193-3959AEFA8464}
		{5B90F678-20F2-453F-B9A6-3344F1EDEF85} = {BDBE4A9D-C4F9-43F5-A193-3959AEFA8464}
		{98ADD1C5-2CA3-4B44-AC4D-5D25A90BDE37} = {BDBE4A9D-C4F9-43F5-A193-3959AEFA8464}
		{31B746EA-6FC8-4606-8887-ADE86F9E8C8D} = {CDF49F3D-0FD0-4F73-9FAC-D4CF6050C31F}
		{7ACA9380-5DE9-41DB-B9F7-8C57E100FD79} = {CDF49F3D-0FD0-4F73-9FAC-D4CF6050C31F}
		{E8840D2A-AA70-46C8-A5F6-319503F7A8B1} = {CDF49F3D-0FD0-4F73-9FAC-D4CF6050C31F}
		{95C85929-0A29-4268-BCB7-7C424AF8F05F} = {CDF49F3D-0FD0-4F73-9FAC-D4CF6050C31F}
		{0544D8EE-188A-46B3-A4E7-3B7E3ABFEDC5} = {CDF49F3D-0FD0-4F73-9FAC-D4CF6050C31F}
		{556267F3-7084-42F5-AFE8-7F29F482E5B1} = {5BADA77E-A970-48BB-8F6C-B93C3B4ACE5B}
		{74223397-052C-4F45-B703-DDF5BCED536B} = {5BADA77E-A970-48BB-8F6C-B93C3B4ACE5B}
		{F3A60F45-AED0-4C4D-A346-C5FA55F80A30} = {07411173-4D26-447E-9180-CB2D054B946B}
		{E33580FB-E651-4B24-851D-689F6875284E} = {07411173-4D26-447E-9180-CB2D054B946B}
		{51CF7567-FA7E-4D4A-B252-9379F51E96D8} = {07411173-4D26-447E-9180-CB2D054B946B}
		{62C15AD9-06F2-4C97-A319-1AC3A5059B0E} = {A7A08B3A-47D0-47EE-B2CE-6569D331C1E2}
		{4CA780A8-FAFC-4CD6-B616-7D4DF8E5CED9} = {A7A08B3A-47D0-47EE-B2CE-6569D331C1E2}
		{605DCFAA-5DCF-4026-8628-4EF79D9A332A} = {A7A08B3A-47D0-47EE-B2CE-6569D331C1E2}
		{11D0FCB0-D7C2-47A8-B25D-9703A48D6D8B} = {A7A08B3A-47D0-47EE-B2CE-6569D331C1E2}
		{D417438A-74AA-4A41-8023-189916E3D2BD} = {9ECFE798-F460-49F9-9EF7-493CF67E00D3}
		{1FE1B1DA-1E1D-4C5E-88FA-37F023C28885} = {9ECFE798-F460-49F9-9EF7-493CF67E00D3}
		{1EA3B178-B4DE-4AC9-9F1C-02FA83F565E4} = {33144780-03E7-4BA5-93D4-73C2A246B9DD}
		{ED07A55B-2B70-4232-8728-2F2B9E2B7D1B} = {33144780-03E7-4BA5-93D4-73C2A246B9DD}
		{49E0E6C4-6C69-4C95-A1D5-AA3F5C8A8554} = {DE5349E7-2661-47A4-86E5-6822C0779242}
		{65B27D4B-16FB-441A-8FD7-2B01ABE789EF} = {DE5349E7-2661-47A4-86E5-6822C0779242}
		{82B5DC81-F8EA-4D29-B717-77B4A623D6F4} = {DE5349E7-2661-47A4-86E5-6822C0779242}
		{66DB220D-6608-45F4-874A-860F1ACAEAB9} = {DE5349E7-2661-47A4-86E5-6822C0779242}
		{82BA007C-B7FC-41D1-B7A8-19BFA5BB7F68} = {DE5349E7-2661-47A4-86E5-6822C0779242}
		{D0F09E66-4145-4EFA-B2BC-758E59B1940A} = {DE5349E7-2661-47A4-86E5-6822C0779242}
		{C18B8A2E-1A64-488C-A927-6ED5F5C7BEEA} = {DE5349E7-2661-47A4-86E5-6822C0779242}
		{40A3407D-5AE5-4C09-A6F4-B1ED260215AF} = {31B746EA-6FC8-4606-8887-ADE86F9E8C8D}
		{9C31B572-9DBC-49FD-86EC-33A448825420} = {31B746EA-6FC8-4606-8887-ADE86F9E8C8D}
		{A7809ED2-AC1D-46CC-B594-B1422CFE0DA7} = {075A4DEF-4DC6-4A81-B04F-20AA48D9A936}
		{7CB6DDAD-0BBB-4826-A260-6F968B9DCCF7} = {7ACA9380-5DE9-41DB-B9F7-8C57E100FD79}
		{D10A6E81-4DF6-4F74-8140-7D5D0293F005} = {7ACA9380-5DE9-41DB-B9F7-8C57E100FD79}
		{FE86E32D-AC35-4F55-BCDE-1FC4BBB22AB3} = {7ACA9380-5DE9-41DB-B9F7-8C57E100FD79}
		{338D7A88-4612-41E9-9107-BAD8984A5CB5} = {95C85929-0A29-4268-BCB7-7C424AF8F05F}
		{496E343B-FEA0-4F1D-99F7-0CDC4850D99F} = {95C85929-0A29-4268-BCB7-7C424AF8F05F}
		{A1197887-6F21-4D62-8983-9A47C2088053} = {0544D8EE-188A-46B3-A4E7-3B7E3ABFEDC5}
		{EE794861-066F-4A91-92B8-08E3CE8A6B9F} = {0544D8EE-188A-46B3-A4E7-3B7E3ABFEDC5}
		{ACCAFB07-795A-4A8A-AC12-7A5393AA0349} = {2C25CC3E-F7BA-4263-AE08-817DE056A903}
		{C67BE4A1-ED07-41CA-A9FA-AFACD20490E2} = {2C25CC3E-F7BA-4263-AE08-817DE056A903}
		{6C2DE9FD-B01C-4665-A5CC-4E75AC1CE2FC} = {79B5D986-D51B-4251-A480-1B1601FC2D58}
		{16750EB8-94DF-444D-A506-5B59EE41B620} = {79B5D986-D51B-4251-A480-1B1601FC2D58}
	EndGlobalSection
EndGlobal
