
Microsoft Visual Studio Solution File, Format Version 11.00
# Visual Studio 2010
Project("{F2A71F9B-5D33-465A-A702-920D77279786}") = "Ast", "Ast\Ast.fsproj", "{3B621DD5-CEFD-4B21-865B-B1A3E3A318DD}"
EndProject
Project("{F2A71F9B-5D33-465A-A702-920D77279786}") = "SimpleSyntax", "SimpleSyntax\SimpleSyntax.fsproj", "{7CB6DDAD-0BBB-4826-A260-6F968B9DCCF7}"
EndProject
Project("{F2A71F9B-5D33-465A-A702-920D77279786}") = "Utils", "Utils\Utils.fsproj", "{556267F3-7084-42F5-AFE8-7F29F482E5B1}"
EndProject
Project("{F2A71F9B-5D33-465A-A702-920D77279786}") = "Interfaces", "Interfaces\Interfaces.fsproj", "{FDDB2EFE-2E4B-4007-909B-DFCE3552FC68}"
EndProject
Project("{F2A71F9B-5D33-465A-A702-920D77279786}") = "Main", "Main\Main.fsproj", "{E33580FB-E651-4B24-851D-689F6875284E}"
EndProject
Project("{F2A71F9B-5D33-465A-A702-920D77279786}") = "Factories", "Factories\Factories.fsproj", "{FFE9DAC2-4F7A-44BA-A630-944E17CD4202}"
EndProject
Project("{F2A71F9B-5D33-465A-A702-920D77279786}") = "SimpleRouter", "SimpleRouter\SimpleRouter.fsproj", "{62C15AD9-06F2-4C97-A319-1AC3A5059B0E}"
EndProject
Project("{F2A71F9B-5D33-465A-A702-920D77279786}") = "TypedSyntax", "TypedSyntax\TypedSyntax.fsproj", "{DBCE463B-D533-4324-990B-24292A298EA9}"
EndProject
Project("{F2A71F9B-5D33-465A-A702-920D77279786}") = "SimpleExecutor", "SimpleExecutor\SimpleExecutor.fsproj", "{D417438A-74AA-4A41-8023-189916E3D2BD}"
EndProject
Project("{F2A71F9B-5D33-465A-A702-920D77279786}") = "SimpleEngine", "SimpleEngine\SimpleEngine.fsproj", "{71375598-2D92-4A9E-98AD-B65A3EBABA59}"
EndProject
Project("{2150E333-8FDC-42A3-9474-1A3956D46DE8}") = "Engine", "Engine", "{33144780-03E7-4BA5-93D4-73C2A246B9DD}"
EndProject
Project("{2150E333-8FDC-42A3-9474-1A3956D46DE8}") = "Syntax", "Syntax", "{BDBE4A9D-C4F9-43F5-A193-3959AEFA8464}"
EndProject
Project("{2150E333-8FDC-42A3-9474-1A3956D46DE8}") = "Executor", "Executor", "{9ECFE798-F460-49F9-9EF7-493CF67E00D3}"
EndProject
Project("{2150E333-8FDC-42A3-9474-1A3956D46DE8}") = "Router", "Router", "{A7A08B3A-47D0-47EE-B2CE-6569D331C1E2}"
EndProject
Project("{2150E333-8FDC-42A3-9474-1A3956D46DE8}") = "Misc", "Misc", "{5BADA77E-A970-48BB-8F6C-B93C3B4ACE5B}"
EndProject
Global
	GlobalSection(SolutionConfigurationPlatforms) = preSolution
		Debug|Any CPU = Debug|Any CPU
		Debug|Mixed Platforms = Debug|Mixed Platforms
		Debug|x86 = Debug|x86
		Release|Any CPU = Release|Any CPU
		Release|Mixed Platforms = Release|Mixed Platforms
		Release|x86 = Release|x86
	EndGlobalSection
	GlobalSection(ProjectConfigurationPlatforms) = postSolution
		{3B621DD5-CEFD-4B21-865B-B1A3E3A318DD}.Debug|Any CPU.ActiveCfg = Debug|Any CPU
		{3B621DD5-CEFD-4B21-865B-B1A3E3A318DD}.Debug|Any CPU.Build.0 = Debug|Any CPU
		{3B621DD5-CEFD-4B21-865B-B1A3E3A318DD}.Debug|Mixed Platforms.ActiveCfg = Debug|Any CPU
		{3B621DD5-CEFD-4B21-865B-B1A3E3A318DD}.Debug|Mixed Platforms.Build.0 = Debug|Any CPU
		{3B621DD5-CEFD-4B21-865B-B1A3E3A318DD}.Debug|x86.ActiveCfg = Debug|Any CPU
		{3B621DD5-CEFD-4B21-865B-B1A3E3A318DD}.Release|Any CPU.ActiveCfg = Release|Any CPU
		{3B621DD5-CEFD-4B21-865B-B1A3E3A318DD}.Release|Any CPU.Build.0 = Release|Any CPU
		{3B621DD5-CEFD-4B21-865B-B1A3E3A318DD}.Release|Mixed Platforms.ActiveCfg = Release|Any CPU
		{3B621DD5-CEFD-4B21-865B-B1A3E3A318DD}.Release|Mixed Platforms.Build.0 = Release|Any CPU
		{3B621DD5-CEFD-4B21-865B-B1A3E3A318DD}.Release|x86.ActiveCfg = Release|Any CPU
		{7CB6DDAD-0BBB-4826-A260-6F968B9DCCF7}.Debug|Any CPU.ActiveCfg = Debug|x86
		{7CB6DDAD-0BBB-4826-A260-6F968B9DCCF7}.Debug|Mixed Platforms.ActiveCfg = Debug|x86
		{7CB6DDAD-0BBB-4826-A260-6F968B9DCCF7}.Debug|Mixed Platforms.Build.0 = Debug|x86
		{7CB6DDAD-0BBB-4826-A260-6F968B9DCCF7}.Debug|x86.ActiveCfg = Debug|x86
		{7CB6DDAD-0BBB-4826-A260-6F968B9DCCF7}.Debug|x86.Build.0 = Debug|x86
		{7CB6DDAD-0BBB-4826-A260-6F968B9DCCF7}.Release|Any CPU.ActiveCfg = Release|x86
		{7CB6DDAD-0BBB-4826-A260-6F968B9DCCF7}.Release|Mixed Platforms.ActiveCfg = Release|x86
		{7CB6DDAD-0BBB-4826-A260-6F968B9DCCF7}.Release|Mixed Platforms.Build.0 = Release|x86
		{7CB6DDAD-0BBB-4826-A260-6F968B9DCCF7}.Release|x86.ActiveCfg = Release|x86
		{7CB6DDAD-0BBB-4826-A260-6F968B9DCCF7}.Release|x86.Build.0 = Release|x86
		{556267F3-7084-42F5-AFE8-7F29F482E5B1}.Debug|Any CPU.ActiveCfg = Debug|Any CPU
		{556267F3-7084-42F5-AFE8-7F29F482E5B1}.Debug|Any CPU.Build.0 = Debug|Any CPU
		{556267F3-7084-42F5-AFE8-7F29F482E5B1}.Debug|Mixed Platforms.ActiveCfg = Debug|Any CPU
		{556267F3-7084-42F5-AFE8-7F29F482E5B1}.Debug|Mixed Platforms.Build.0 = Debug|Any CPU
		{556267F3-7084-42F5-AFE8-7F29F482E5B1}.Debug|x86.ActiveCfg = Debug|Any CPU
		{556267F3-7084-42F5-AFE8-7F29F482E5B1}.Release|Any CPU.ActiveCfg = Release|Any CPU
		{556267F3-7084-42F5-AFE8-7F29F482E5B1}.Release|Any CPU.Build.0 = Release|Any CPU
		{556267F3-7084-42F5-AFE8-7F29F482E5B1}.Release|Mixed Platforms.ActiveCfg = Release|Any CPU
		{556267F3-7084-42F5-AFE8-7F29F482E5B1}.Release|Mixed Platforms.Build.0 = Release|Any CPU
		{556267F3-7084-42F5-AFE8-7F29F482E5B1}.Release|x86.ActiveCfg = Release|Any CPU
		{FDDB2EFE-2E4B-4007-909B-DFCE3552FC68}.Debug|Any CPU.ActiveCfg = Debug|Any CPU
		{FDDB2EFE-2E4B-4007-909B-DFCE3552FC68}.Debug|Any CPU.Build.0 = Debug|Any CPU
		{FDDB2EFE-2E4B-4007-909B-DFCE3552FC68}.Debug|Mixed Platforms.ActiveCfg = Debug|Any CPU
		{FDDB2EFE-2E4B-4007-909B-DFCE3552FC68}.Debug|Mixed Platforms.Build.0 = Debug|Any CPU
		{FDDB2EFE-2E4B-4007-909B-DFCE3552FC68}.Debug|x86.ActiveCfg = Debug|Any CPU
		{FDDB2EFE-2E4B-4007-909B-DFCE3552FC68}.Release|Any CPU.ActiveCfg = Release|Any CPU
		{FDDB2EFE-2E4B-4007-909B-DFCE3552FC68}.Release|Any CPU.Build.0 = Release|Any CPU
		{FDDB2EFE-2E4B-4007-909B-DFCE3552FC68}.Release|Mixed Platforms.ActiveCfg = Release|Any CPU
		{FDDB2EFE-2E4B-4007-909B-DFCE3552FC68}.Release|Mixed Platforms.Build.0 = Release|Any CPU
		{FDDB2EFE-2E4B-4007-909B-DFCE3552FC68}.Release|x86.ActiveCfg = Release|Any CPU
		{E33580FB-E651-4B24-851D-689F6875284E}.Debug|Any CPU.ActiveCfg = Debug|x86
		{E33580FB-E651-4B24-851D-689F6875284E}.Debug|Mixed Platforms.ActiveCfg = Debug|x86
		{E33580FB-E651-4B24-851D-689F6875284E}.Debug|Mixed Platforms.Build.0 = Debug|x86
		{E33580FB-E651-4B24-851D-689F6875284E}.Debug|x86.ActiveCfg = Debug|x86
		{E33580FB-E651-4B24-851D-689F6875284E}.Debug|x86.Build.0 = Debug|x86
		{E33580FB-E651-4B24-851D-689F6875284E}.Release|Any CPU.ActiveCfg = Release|x86
		{E33580FB-E651-4B24-851D-689F6875284E}.Release|Mixed Platforms.ActiveCfg = Release|x86
		{E33580FB-E651-4B24-851D-689F6875284E}.Release|Mixed Platforms.Build.0 = Release|x86
		{E33580FB-E651-4B24-851D-689F6875284E}.Release|x86.ActiveCfg = Release|x86
		{E33580FB-E651-4B24-851D-689F6875284E}.Release|x86.Build.0 = Release|x86
		{FFE9DAC2-4F7A-44BA-A630-944E17CD4202}.Debug|Any CPU.ActiveCfg = Debug|x86
		{FFE9DAC2-4F7A-44BA-A630-944E17CD4202}.Debug|Any CPU.Build.0 = Debug|x86
		{FFE9DAC2-4F7A-44BA-A630-944E17CD4202}.Debug|Mixed Platforms.ActiveCfg = Debug|x86
		{FFE9DAC2-4F7A-44BA-A630-944E17CD4202}.Debug|Mixed Platforms.Build.0 = Debug|x86
		{FFE9DAC2-4F7A-44BA-A630-944E17CD4202}.Debug|x86.ActiveCfg = Debug|x86
		{FFE9DAC2-4F7A-44BA-A630-944E17CD4202}.Debug|x86.Build.0 = Debug|x86
		{FFE9DAC2-4F7A-44BA-A630-944E17CD4202}.Release|Any CPU.ActiveCfg = Release|x86
		{FFE9DAC2-4F7A-44BA-A630-944E17CD4202}.Release|Mixed Platforms.ActiveCfg = Release|x86
		{FFE9DAC2-4F7A-44BA-A630-944E17CD4202}.Release|Mixed Platforms.Build.0 = Release|x86
		{FFE9DAC2-4F7A-44BA-A630-944E17CD4202}.Release|x86.ActiveCfg = Release|x86
		{FFE9DAC2-4F7A-44BA-A630-944E17CD4202}.Release|x86.Build.0 = Release|x86
		{62C15AD9-06F2-4C97-A319-1AC3A5059B0E}.Debug|Any CPU.ActiveCfg = Debug|x86
		{62C15AD9-06F2-4C97-A319-1AC3A5059B0E}.Debug|Mixed Platforms.ActiveCfg = Debug|x86
		{62C15AD9-06F2-4C97-A319-1AC3A5059B0E}.Debug|Mixed Platforms.Build.0 = Debug|x86
		{62C15AD9-06F2-4C97-A319-1AC3A5059B0E}.Debug|x86.ActiveCfg = Debug|x86
		{62C15AD9-06F2-4C97-A319-1AC3A5059B0E}.Debug|x86.Build.0 = Debug|x86
		{62C15AD9-06F2-4C97-A319-1AC3A5059B0E}.Release|Any CPU.ActiveCfg = Release|x86
		{62C15AD9-06F2-4C97-A319-1AC3A5059B0E}.Release|Mixed Platforms.ActiveCfg = Release|x86
		{62C15AD9-06F2-4C97-A319-1AC3A5059B0E}.Release|Mixed Platforms.Build.0 = Release|x86
		{62C15AD9-06F2-4C97-A319-1AC3A5059B0E}.Release|x86.ActiveCfg = Release|x86
		{62C15AD9-06F2-4C97-A319-1AC3A5059B0E}.Release|x86.Build.0 = Release|x86
		{DBCE463B-D533-4324-990B-24292A298EA9}.Debug|Any CPU.ActiveCfg = Debug|x86
		{DBCE463B-D533-4324-990B-24292A298EA9}.Debug|Mixed Platforms.ActiveCfg = Debug|x86
		{DBCE463B-D533-4324-990B-24292A298EA9}.Debug|Mixed Platforms.Build.0 = Debug|x86
		{DBCE463B-D533-4324-990B-24292A298EA9}.Debug|x86.ActiveCfg = Debug|x86
		{DBCE463B-D533-4324-990B-24292A298EA9}.Debug|x86.Build.0 = Debug|x86
		{DBCE463B-D533-4324-990B-24292A298EA9}.Release|Any CPU.ActiveCfg = Release|x86
		{DBCE463B-D533-4324-990B-24292A298EA9}.Release|Mixed Platforms.ActiveCfg = Release|x86
		{DBCE463B-D533-4324-990B-24292A298EA9}.Release|Mixed Platforms.Build.0 = Release|x86
		{DBCE463B-D533-4324-990B-24292A298EA9}.Release|x86.ActiveCfg = Release|x86
		{DBCE463B-D533-4324-990B-24292A298EA9}.Release|x86.Build.0 = Release|x86
		{D417438A-74AA-4A41-8023-189916E3D2BD}.Debug|Any CPU.ActiveCfg = Debug|Any CPU
		{D417438A-74AA-4A41-8023-189916E3D2BD}.Debug|Any CPU.Build.0 = Debug|Any CPU
		{D417438A-74AA-4A41-8023-189916E3D2BD}.Debug|Mixed Platforms.ActiveCfg = Debug|Any CPU
		{D417438A-74AA-4A41-8023-189916E3D2BD}.Debug|Mixed Platforms.Build.0 = Debug|Any CPU
		{D417438A-74AA-4A41-8023-189916E3D2BD}.Debug|x86.ActiveCfg = Debug|Any CPU
		{D417438A-74AA-4A41-8023-189916E3D2BD}.Release|Any CPU.ActiveCfg = Release|Any CPU
		{D417438A-74AA-4A41-8023-189916E3D2BD}.Release|Any CPU.Build.0 = Release|Any CPU
		{D417438A-74AA-4A41-8023-189916E3D2BD}.Release|Mixed Platforms.ActiveCfg = Release|Any CPU
		{D417438A-74AA-4A41-8023-189916E3D2BD}.Release|Mixed Platforms.Build.0 = Release|Any CPU
		{D417438A-74AA-4A41-8023-189916E3D2BD}.Release|x86.ActiveCfg = Release|Any CPU
		{71375598-2D92-4A9E-98AD-B65A3EBABA59}.Debug|Any CPU.ActiveCfg = Debug|Any CPU
		{71375598-2D92-4A9E-98AD-B65A3EBABA59}.Debug|Any CPU.Build.0 = Debug|Any CPU
		{71375598-2D92-4A9E-98AD-B65A3EBABA59}.Debug|Mixed Platforms.ActiveCfg = Debug|Any CPU
		{71375598-2D92-4A9E-98AD-B65A3EBABA59}.Debug|Mixed Platforms.Build.0 = Debug|Any CPU
		{71375598-2D92-4A9E-98AD-B65A3EBABA59}.Debug|x86.ActiveCfg = Debug|Any CPU
		{71375598-2D92-4A9E-98AD-B65A3EBABA59}.Release|Any CPU.ActiveCfg = Release|Any CPU
		{71375598-2D92-4A9E-98AD-B65A3EBABA59}.Release|Any CPU.Build.0 = Release|Any CPU
		{71375598-2D92-4A9E-98AD-B65A3EBABA59}.Release|Mixed Platforms.ActiveCfg = Release|Any CPU
		{71375598-2D92-4A9E-98AD-B65A3EBABA59}.Release|Mixed Platforms.Build.0 = Release|Any CPU
		{71375598-2D92-4A9E-98AD-B65A3EBABA59}.Release|x86.ActiveCfg = Release|Any CPU
	EndGlobalSection
	GlobalSection(SolutionProperties) = preSolution
		HideSolutionNode = FALSE
	EndGlobalSection
	GlobalSection(NestedProjects) = preSolution
		{71375598-2D92-4A9E-98AD-B65A3EBABA59} = {33144780-03E7-4BA5-93D4-73C2A246B9DD}
		{DBCE463B-D533-4324-990B-24292A298EA9} = {BDBE4A9D-C4F9-43F5-A193-3959AEFA8464}
		{7CB6DDAD-0BBB-4826-A260-6F968B9DCCF7} = {BDBE4A9D-C4F9-43F5-A193-3959AEFA8464}
		{3B621DD5-CEFD-4B21-865B-B1A3E3A318DD} = {BDBE4A9D-C4F9-43F5-A193-3959AEFA8464}
		{D417438A-74AA-4A41-8023-189916E3D2BD} = {9ECFE798-F460-49F9-9EF7-493CF67E00D3}
		{62C15AD9-06F2-4C97-A319-1AC3A5059B0E} = {A7A08B3A-47D0-47EE-B2CE-6569D331C1E2}
		{556267F3-7084-42F5-AFE8-7F29F482E5B1} = {5BADA77E-A970-48BB-8F6C-B93C3B4ACE5B}
	EndGlobalSection
EndGlobal
